// !$*UTF8*$!
{
	archiveVersion = 1;
	classes = {
	};
	objectVersion = 46;
	objects = {

/* Begin PBXBuildFile section */
		4B1DE0561FA2BD4A0067B8DA /* main.m in Sources */ = {isa = PBXBuildFile; fileRef = 4B1DE0551FA2BD4A0067B8DA /* main.m */; };
		4B1DE0591FA2BD4A0067B8DA /* AppDelegate.m in Sources */ = {isa = PBXBuildFile; fileRef = 4B1DE0581FA2BD4A0067B8DA /* AppDelegate.m */; };
		4B1DE05F1FA2BD4A0067B8DA /* Main.storyboard in Resources */ = {isa = PBXBuildFile; fileRef = 4B1DE05D1FA2BD4A0067B8DA /* Main.storyboard */; };
		4B1DE0611FA2BD4A0067B8DA /* Assets.xcassets in Resources */ = {isa = PBXBuildFile; fileRef = 4B1DE0601FA2BD4A0067B8DA /* Assets.xcassets */; };
		4B1DE0641FA2BD4A0067B8DA /* LaunchScreen.storyboard in Resources */ = {isa = PBXBuildFile; fileRef = 4B1DE0621FA2BD4A0067B8DA /* LaunchScreen.storyboard */; };
		4B1DE0761FA2EB8B0067B8DA /* DCMainTabBarController.m in Sources */ = {isa = PBXBuildFile; fileRef = 4B1DE0751FA2EB8B0067B8DA /* DCMainTabBarController.m */; };
		4B1DE0821FA2ED020067B8DA /* DCMainLibNavController.m in Sources */ = {isa = PBXBuildFile; fileRef = 4B1DE0811FA2ED020067B8DA /* DCMainLibNavController.m */; };
		4B1DE0881FA2ED410067B8DA /* DCMainLibViewController.m in Sources */ = {isa = PBXBuildFile; fileRef = 4B1DE0871FA2ED410067B8DA /* DCMainLibViewController.m */; };
		4B1DE0911FA2F1300067B8DA /* DCMapViewController.m in Sources */ = {isa = PBXBuildFile; fileRef = 4B1DE0901FA2F1300067B8DA /* DCMapViewController.m */; };
		4B1DE0951FA303C40067B8DA /* DCMapBaiduViewController.m in Sources */ = {isa = PBXBuildFile; fileRef = 4B1DE0941FA303C40067B8DA /* DCMapBaiduViewController.m */; };
		4B1DE0981FA303D00067B8DA /* DCMapGaodeViewController.m in Sources */ = {isa = PBXBuildFile; fileRef = 4B1DE0971FA303D00067B8DA /* DCMapGaodeViewController.m */; };
		4B1DE09B1FA303DD0067B8DA /* DCMapTencentViewController.m in Sources */ = {isa = PBXBuildFile; fileRef = 4B1DE09A1FA303DD0067B8DA /* DCMapTencentViewController.m */; };
		4B1DE09E1FA31A2D0067B8DA /* DCBaseViewController.m in Sources */ = {isa = PBXBuildFile; fileRef = 4B1DE09D1FA31A2D0067B8DA /* DCBaseViewController.m */; };
		4B1DE0A51FA31C4C0067B8DA /* DCMainServiceNavController.m in Sources */ = {isa = PBXBuildFile; fileRef = 4B1DE0A41FA31C4C0067B8DA /* DCMainServiceNavController.m */; };
		4B1DE0A81FA31CB90067B8DA /* DCBaseNavViewController.m in Sources */ = {isa = PBXBuildFile; fileRef = 4B1DE0A71FA31CB90067B8DA /* DCBaseNavViewController.m */; };
		4B1DE0AB1FA31D640067B8DA /* DCMainServiceController.m in Sources */ = {isa = PBXBuildFile; fileRef = 4B1DE0AA1FA31D640067B8DA /* DCMainServiceController.m */; };
		4B3AB7051FE21BB300D22AF8 /* CCDbManager.m in Sources */ = {isa = PBXBuildFile; fileRef = 4B3AB7041FE21BB300D22AF8 /* CCDbManager.m */; };
		4B3AB70B1FE2477800D22AF8 /* DCDataSaveViewController.m in Sources */ = {isa = PBXBuildFile; fileRef = 4B3AB70A1FE2477800D22AF8 /* DCDataSaveViewController.m */; };
		4B3AB70E1FE247EF00D22AF8 /* DCUserDefaultsViewController.m in Sources */ = {isa = PBXBuildFile; fileRef = 4B3AB70D1FE247EF00D22AF8 /* DCUserDefaultsViewController.m */; };
		4B3AB7111FE24A1E00D22AF8 /* CCDatabaseCreator.m in Sources */ = {isa = PBXBuildFile; fileRef = 4B3AB7101FE24A1E00D22AF8 /* CCDatabaseCreator.m */; };
		4B3AB7141FE24A3B00D22AF8 /* CCUser.m in Sources */ = {isa = PBXBuildFile; fileRef = 4B3AB7131FE24A3B00D22AF8 /* CCUser.m */; };
		4B3AB7171FE251EE00D22AF8 /* CCStatus.m in Sources */ = {isa = PBXBuildFile; fileRef = 4B3AB7161FE251EE00D22AF8 /* CCStatus.m */; };
		4B3AB71A1FE25BC500D22AF8 /* CCUserService.m in Sources */ = {isa = PBXBuildFile; fileRef = 4B3AB7191FE25BC500D22AF8 /* CCUserService.m */; };
		4B3AB71D1FE26D8B00D22AF8 /* CCStatusService.m in Sources */ = {isa = PBXBuildFile; fileRef = 4B3AB71C1FE26D8B00D22AF8 /* CCStatusService.m */; };
		4B3AB7231FE2DD1500D22AF8 /* CCStatusTableViewCell.m in Sources */ = {isa = PBXBuildFile; fileRef = 4B3AB7211FE2DD1500D22AF8 /* CCStatusTableViewCell.m */; };
		4B3AB7241FE2DD1500D22AF8 /* CCStatusTableViewCell.xib in Resources */ = {isa = PBXBuildFile; fileRef = 4B3AB7221FE2DD1500D22AF8 /* CCStatusTableViewCell.xib */; };
		4B3AB72E1FE3A4B000D22AF8 /* binger.jpg in Resources */ = {isa = PBXBuildFile; fileRef = 4B3AB72D1FE3A4AF00D22AF8 /* binger.jpg */; };
		4B3AB7301FE3A50A00D22AF8 /* mbtype.png in Resources */ = {isa = PBXBuildFile; fileRef = 4B3AB72F1FE3A50A00D22AF8 /* mbtype.png */; };
		4B3AB7351FE3C5B400D22AF8 /* DCParseXML_JSONViewController.m in Sources */ = {isa = PBXBuildFile; fileRef = 4B3AB7341FE3C5B400D22AF8 /* DCParseXML_JSONViewController.m */; };
		4B3AB7381FE3C6F200D22AF8 /* DCParseJSONViewController.m in Sources */ = {isa = PBXBuildFile; fileRef = 4B3AB7371FE3C6F200D22AF8 /* DCParseJSONViewController.m */; };
		4B3AB73B1FE3C75D00D22AF8 /* DCParseXMLViewController.m in Sources */ = {isa = PBXBuildFile; fileRef = 4B3AB73A1FE3C75D00D22AF8 /* DCParseXMLViewController.m */; };
		4B3AB73E1FE3D08A00D22AF8 /* DCParseJSONViewController.xib in Resources */ = {isa = PBXBuildFile; fileRef = 4B3AB73D1FE3D08900D22AF8 /* DCParseJSONViewController.xib */; };
		4B3AB7401FE3D74A00D22AF8 /* DCParseXMLViewController.xib in Resources */ = {isa = PBXBuildFile; fileRef = 4B3AB73F1FE3D74A00D22AF8 /* DCParseXMLViewController.xib */; };
		4B4AE35D1FD0E856003BBB16 /* DCKnowledgeARCMRCViewController.m in Sources */ = {isa = PBXBuildFile; fileRef = 4B4AE35B1FD0E856003BBB16 /* DCKnowledgeARCMRCViewController.m */; };
		4B4AE35E1FD0E856003BBB16 /* DCKnowledgeARCMRCViewController.xib in Resources */ = {isa = PBXBuildFile; fileRef = 4B4AE35C1FD0E856003BBB16 /* DCKnowledgeARCMRCViewController.xib */; };
		4B4AE3611FD0E86D003BBB16 /* DCARCObj.m in Sources */ = {isa = PBXBuildFile; fileRef = 4B4AE3601FD0E86D003BBB16 /* DCARCObj.m */; };
		4B4AE3641FD0E879003BBB16 /* DCMRCObj.m in Sources */ = {isa = PBXBuildFile; fileRef = 4B4AE3631FD0E879003BBB16 /* DCMRCObj.m */; settings = {COMPILER_FLAGS = "-fno-objc-arc"; }; };
		4B4AE38E1FD1096E003BBB16 /* DCKnowledgeNavController.m in Sources */ = {isa = PBXBuildFile; fileRef = 4B4AE38D1FD1096E003BBB16 /* DCKnowledgeNavController.m */; };
		4B4AE3911FD10985003BBB16 /* DCKnowledgeViewController.m in Sources */ = {isa = PBXBuildFile; fileRef = 4B4AE3901FD10985003BBB16 /* DCKnowledgeViewController.m */; };
		4B4AE3951FD10A65003BBB16 /* DCMainCommonViewController.m in Sources */ = {isa = PBXBuildFile; fileRef = 4B4AE3941FD10A65003BBB16 /* DCMainCommonViewController.m */; };
		4B4AE3981FD10A87003BBB16 /* DCMainCommonlyNavController.m in Sources */ = {isa = PBXBuildFile; fileRef = 4B4AE3971FD10A87003BBB16 /* DCMainCommonlyNavController.m */; };
		4B4AE39C1FD13A09003BBB16 /* DCKnowledgeSingletonViewController.m in Sources */ = {isa = PBXBuildFile; fileRef = 4B4AE39B1FD13A09003BBB16 /* DCKnowledgeSingletonViewController.m */; };
		4B55DE411FD7D9FC00677AE1 /* DCLazyTableViewController.m in Sources */ = {isa = PBXBuildFile; fileRef = 4B55DE401FD7D9FC00677AE1 /* DCLazyTableViewController.m */; };
		4B55DE451FD7DA9800677AE1 /* ParseOperation.m in Sources */ = {isa = PBXBuildFile; fileRef = 4B55DE441FD7DA9800677AE1 /* ParseOperation.m */; };
		4B55DE481FD7DAB400677AE1 /* AppRecord.m in Sources */ = {isa = PBXBuildFile; fileRef = 4B55DE471FD7DAB400677AE1 /* AppRecord.m */; };
		4B55DE4B1FD7DACB00677AE1 /* IconDownloader.m in Sources */ = {isa = PBXBuildFile; fileRef = 4B55DE4A1FD7DACB00677AE1 /* IconDownloader.m */; };
		4B58EBF01FD25947008D6759 /* DCCocoaNavController.m in Sources */ = {isa = PBXBuildFile; fileRef = 4B58EBEF1FD25947008D6759 /* DCCocoaNavController.m */; };
		4B58EBF31FD2595B008D6759 /* DCCocoaViewController.m in Sources */ = {isa = PBXBuildFile; fileRef = 4B58EBF21FD2595B008D6759 /* DCCocoaViewController.m */; };
		4B58EBF61FD25AB9008D6759 /* DCWebListViewController.m in Sources */ = {isa = PBXBuildFile; fileRef = 4B58EBF51FD25AB9008D6759 /* DCWebListViewController.m */; };
		4B58EBF91FD25B86008D6759 /* DCWKWebViewController.m in Sources */ = {isa = PBXBuildFile; fileRef = 4B58EBF81FD25B86008D6759 /* DCWKWebViewController.m */; };
		4BC163F91FE769D30037FB33 /* DCKnowledgeCopyTableViewController.m in Sources */ = {isa = PBXBuildFile; fileRef = 4BC163F71FE769D30037FB33 /* DCKnowledgeCopyTableViewController.m */; };
		4BC163FA1FE769D30037FB33 /* DCKnowledgeCopyTableViewController.xib in Resources */ = {isa = PBXBuildFile; fileRef = 4BC163F81FE769D30037FB33 /* DCKnowledgeCopyTableViewController.xib */; };
		4BC164021FE7743A0037FB33 /* DCKnowledgeSuperSelfViewController.m in Sources */ = {isa = PBXBuildFile; fileRef = 4BC164001FE7743A0037FB33 /* DCKnowledgeSuperSelfViewController.m */; };
		4BC164031FE7743A0037FB33 /* DCKnowledgeInheritViewController.xib in Resources */ = {isa = PBXBuildFile; fileRef = 4BC164011FE7743A0037FB33 /* DCKnowledgeInheritViewController.xib */; };
		4BC164061FE7744D0037FB33 /* Father.m in Sources */ = {isa = PBXBuildFile; fileRef = 4BC164051FE7744D0037FB33 /* Father.m */; };
		4BC164091FE774620037FB33 /* Children.m in Sources */ = {isa = PBXBuildFile; fileRef = 4BC164081FE774620037FB33 /* Children.m */; };
		4BC1640D1FE77CC50037FB33 /* Person.m in Sources */ = {isa = PBXBuildFile; fileRef = 4BC1640C1FE77CC50037FB33 /* Person.m */; };
		4BC164101FE77EF40037FB33 /* PersonChen.m in Sources */ = {isa = PBXBuildFile; fileRef = 4BC1640F1FE77EF40037FB33 /* PersonChen.m */; };
		4BC164141FE7A2110037FB33 /* DCNetworkViewController.m in Sources */ = {isa = PBXBuildFile; fileRef = 4BC164131FE7A2110037FB33 /* DCNetworkViewController.m */; };
		4BC164171FE7A29C0037FB33 /* DCNetworkDelegateViewController.m in Sources */ = {isa = PBXBuildFile; fileRef = 4BC164161FE7A29C0037FB33 /* DCNetworkDelegateViewController.m */; };
		4BC1641A1FE7B8400037FB33 /* DCNetworkSimpleViewController.m in Sources */ = {isa = PBXBuildFile; fileRef = 4BC164191FE7B8400037FB33 /* DCNetworkSimpleViewController.m */; };
		4BC1641E1FE8C2880037FB33 /* DCCoreDataViewController.m in Sources */ = {isa = PBXBuildFile; fileRef = 4BC1641D1FE8C2880037FB33 /* DCCoreDataViewController.m */; };
		4BC164211FE8C2BD0037FB33 /* DCCoreData.xcdatamodeld in Sources */ = {isa = PBXBuildFile; fileRef = 4BC1641F1FE8C2BD0037FB33 /* DCCoreData.xcdatamodeld */; };
		4BC164371FE8DB990037FB33 /* DCMFDBManager.m in Sources */ = {isa = PBXBuildFile; fileRef = 4BC164361FE8DB980037FB33 /* DCMFDBManager.m */; };
		4BC1643A1FE8E2260037FB33 /* DCFMDBQueueManager.m in Sources */ = {isa = PBXBuildFile; fileRef = 4BC164391FE8E2260037FB33 /* DCFMDBQueueManager.m */; };
		4BC1643D1FE8F0400037FB33 /* DCNetworkURLSessionDataViewController.m in Sources */ = {isa = PBXBuildFile; fileRef = 4BC1643C1FE8F0400037FB33 /* DCNetworkURLSessionDataViewController.m */; };
		4BC164411FE924360037FB33 /* DCTypeConvertViewController.m in Sources */ = {isa = PBXBuildFile; fileRef = 4BC164401FE924360037FB33 /* DCTypeConvertViewController.m */; };
		4BC164441FEA5B480037FB33 /* DCBlockObject.m in Sources */ = {isa = PBXBuildFile; fileRef = 4BC164431FEA5B480037FB33 /* DCBlockObject.m */; };
		4BC164471FEA5B8B0037FB33 /* DCBlockViewController.m in Sources */ = {isa = PBXBuildFile; fileRef = 4BC164461FEA5B8B0037FB33 /* DCBlockViewController.m */; };
		4BC1644A1FEA5C4E0037FB33 /* DCDelegateViewController.m in Sources */ = {isa = PBXBuildFile; fileRef = 4BC164491FEA5C4E0037FB33 /* DCDelegateViewController.m */; };
		4BC1644D1FEA5C950037FB33 /* DCDelegateObject.m in Sources */ = {isa = PBXBuildFile; fileRef = 4BC1644C1FEA5C950037FB33 /* DCDelegateObject.m */; };
		4BC164511FEA5F9C0037FB33 /* DCSignletonManager.m in Sources */ = {isa = PBXBuildFile; fileRef = 4BC164501FEA5F9C0037FB33 /* DCSignletonManager.m */; };
		4BC537D51FE4FDE600654B6E /* PersonXML.xml in Resources */ = {isa = PBXBuildFile; fileRef = 4BC537D41FE4FDE600654B6E /* PersonXML.xml */; };
		4BC537D81FE4FEA900654B6E /* PersonObj.m in Sources */ = {isa = PBXBuildFile; fileRef = 4BC537D71FE4FEA900654B6E /* PersonObj.m */; };
		4BC537DB1FE5011C00654B6E /* XMLUtil.m in Sources */ = {isa = PBXBuildFile; fileRef = 4BC537DA1FE5011C00654B6E /* XMLUtil.m */; };
		4BD4EB401FE00DE20018DC2B /* libsqlite3.0.tbd in Frameworks */ = {isa = PBXBuildFile; fileRef = 4BD4EB3F1FE00DE20018DC2B /* libsqlite3.0.tbd */; };
		4BD4EB441FE00F6D0018DC2B /* DCDBMainTableViewController.m in Sources */ = {isa = PBXBuildFile; fileRef = 4BD4EB431FE00F6D0018DC2B /* DCDBMainTableViewController.m */; };
		4BD4EB481FE0105E0018DC2B /* DCDBSQLiteViewController.m in Sources */ = {isa = PBXBuildFile; fileRef = 4BD4EB461FE0105E0018DC2B /* DCDBSQLiteViewController.m */; };
		512A6F3819B216FC21C79FB3 /* libPods-DemoCollection.a in Frameworks */ = {isa = PBXBuildFile; fileRef = 67DD4A3396001682871EEE1A /* libPods-DemoCollection.a */; };
/* End PBXBuildFile section */

/* Begin PBXFileReference section */
		4B1DE0511FA2BD4A0067B8DA /* DemoCollection.app */ = {isa = PBXFileReference; explicitFileType = wrapper.application; includeInIndex = 0; path = DemoCollection.app; sourceTree = BUILT_PRODUCTS_DIR; };
		4B1DE0551FA2BD4A0067B8DA /* main.m */ = {isa = PBXFileReference; lastKnownFileType = sourcecode.c.objc; path = main.m; sourceTree = "<group>"; };
		4B1DE0571FA2BD4A0067B8DA /* AppDelegate.h */ = {isa = PBXFileReference; lastKnownFileType = sourcecode.c.h; path = AppDelegate.h; sourceTree = "<group>"; };
		4B1DE0581FA2BD4A0067B8DA /* AppDelegate.m */ = {isa = PBXFileReference; lastKnownFileType = sourcecode.c.objc; path = AppDelegate.m; sourceTree = "<group>"; };
		4B1DE05E1FA2BD4A0067B8DA /* Base */ = {isa = PBXFileReference; lastKnownFileType = file.storyboard; name = Base; path = Base.lproj/Main.storyboard; sourceTree = "<group>"; };
		4B1DE0601FA2BD4A0067B8DA /* Assets.xcassets */ = {isa = PBXFileReference; lastKnownFileType = folder.assetcatalog; path = Assets.xcassets; sourceTree = "<group>"; };
		4B1DE0631FA2BD4A0067B8DA /* Base */ = {isa = PBXFileReference; lastKnownFileType = file.storyboard; name = Base; path = Base.lproj/LaunchScreen.storyboard; sourceTree = "<group>"; };
		4B1DE0651FA2BD4A0067B8DA /* Info.plist */ = {isa = PBXFileReference; lastKnownFileType = text.plist.xml; path = Info.plist; sourceTree = "<group>"; };
		4B1DE0741FA2EB8B0067B8DA /* DCMainTabBarController.h */ = {isa = PBXFileReference; fileEncoding = 4; lastKnownFileType = sourcecode.c.h; path = DCMainTabBarController.h; sourceTree = "<group>"; };
		4B1DE0751FA2EB8B0067B8DA /* DCMainTabBarController.m */ = {isa = PBXFileReference; fileEncoding = 4; lastKnownFileType = sourcecode.c.objc; path = DCMainTabBarController.m; sourceTree = "<group>"; };
		4B1DE0801FA2ED020067B8DA /* DCMainLibNavController.h */ = {isa = PBXFileReference; fileEncoding = 4; lastKnownFileType = sourcecode.c.h; path = DCMainLibNavController.h; sourceTree = "<group>"; };
		4B1DE0811FA2ED020067B8DA /* DCMainLibNavController.m */ = {isa = PBXFileReference; fileEncoding = 4; lastKnownFileType = sourcecode.c.objc; path = DCMainLibNavController.m; sourceTree = "<group>"; };
		4B1DE0861FA2ED410067B8DA /* DCMainLibViewController.h */ = {isa = PBXFileReference; fileEncoding = 4; lastKnownFileType = sourcecode.c.h; path = DCMainLibViewController.h; sourceTree = "<group>"; };
		4B1DE0871FA2ED410067B8DA /* DCMainLibViewController.m */ = {isa = PBXFileReference; fileEncoding = 4; lastKnownFileType = sourcecode.c.objc; path = DCMainLibViewController.m; sourceTree = "<group>"; };
		4B1DE08F1FA2F1300067B8DA /* DCMapViewController.h */ = {isa = PBXFileReference; fileEncoding = 4; lastKnownFileType = sourcecode.c.h; path = DCMapViewController.h; sourceTree = "<group>"; };
		4B1DE0901FA2F1300067B8DA /* DCMapViewController.m */ = {isa = PBXFileReference; fileEncoding = 4; lastKnownFileType = sourcecode.c.objc; path = DCMapViewController.m; sourceTree = "<group>"; };
		4B1DE0931FA303C40067B8DA /* DCMapBaiduViewController.h */ = {isa = PBXFileReference; fileEncoding = 4; lastKnownFileType = sourcecode.c.h; path = DCMapBaiduViewController.h; sourceTree = "<group>"; };
		4B1DE0941FA303C40067B8DA /* DCMapBaiduViewController.m */ = {isa = PBXFileReference; fileEncoding = 4; lastKnownFileType = sourcecode.c.objc; path = DCMapBaiduViewController.m; sourceTree = "<group>"; };
		4B1DE0961FA303D00067B8DA /* DCMapGaodeViewController.h */ = {isa = PBXFileReference; fileEncoding = 4; lastKnownFileType = sourcecode.c.h; path = DCMapGaodeViewController.h; sourceTree = "<group>"; };
		4B1DE0971FA303D00067B8DA /* DCMapGaodeViewController.m */ = {isa = PBXFileReference; fileEncoding = 4; lastKnownFileType = sourcecode.c.objc; path = DCMapGaodeViewController.m; sourceTree = "<group>"; };
		4B1DE0991FA303DD0067B8DA /* DCMapTencentViewController.h */ = {isa = PBXFileReference; fileEncoding = 4; lastKnownFileType = sourcecode.c.h; path = DCMapTencentViewController.h; sourceTree = "<group>"; };
		4B1DE09A1FA303DD0067B8DA /* DCMapTencentViewController.m */ = {isa = PBXFileReference; fileEncoding = 4; lastKnownFileType = sourcecode.c.objc; path = DCMapTencentViewController.m; sourceTree = "<group>"; };
		4B1DE09C1FA31A2D0067B8DA /* DCBaseViewController.h */ = {isa = PBXFileReference; fileEncoding = 4; lastKnownFileType = sourcecode.c.h; path = DCBaseViewController.h; sourceTree = "<group>"; };
		4B1DE09D1FA31A2D0067B8DA /* DCBaseViewController.m */ = {isa = PBXFileReference; fileEncoding = 4; lastKnownFileType = sourcecode.c.objc; path = DCBaseViewController.m; sourceTree = "<group>"; };
		4B1DE0A31FA31C4C0067B8DA /* DCMainServiceNavController.h */ = {isa = PBXFileReference; fileEncoding = 4; lastKnownFileType = sourcecode.c.h; path = DCMainServiceNavController.h; sourceTree = "<group>"; };
		4B1DE0A41FA31C4C0067B8DA /* DCMainServiceNavController.m */ = {isa = PBXFileReference; fileEncoding = 4; lastKnownFileType = sourcecode.c.objc; path = DCMainServiceNavController.m; sourceTree = "<group>"; };
		4B1DE0A61FA31CB90067B8DA /* DCBaseNavViewController.h */ = {isa = PBXFileReference; fileEncoding = 4; lastKnownFileType = sourcecode.c.h; path = DCBaseNavViewController.h; sourceTree = "<group>"; };
		4B1DE0A71FA31CB90067B8DA /* DCBaseNavViewController.m */ = {isa = PBXFileReference; fileEncoding = 4; lastKnownFileType = sourcecode.c.objc; path = DCBaseNavViewController.m; sourceTree = "<group>"; };
		4B1DE0A91FA31D640067B8DA /* DCMainServiceController.h */ = {isa = PBXFileReference; fileEncoding = 4; lastKnownFileType = sourcecode.c.h; path = DCMainServiceController.h; sourceTree = "<group>"; };
		4B1DE0AA1FA31D640067B8DA /* DCMainServiceController.m */ = {isa = PBXFileReference; fileEncoding = 4; lastKnownFileType = sourcecode.c.objc; path = DCMainServiceController.m; sourceTree = "<group>"; };
		4B3AB7031FE21BB300D22AF8 /* CCDbManager.h */ = {isa = PBXFileReference; lastKnownFileType = sourcecode.c.h; path = CCDbManager.h; sourceTree = "<group>"; };
		4B3AB7041FE21BB300D22AF8 /* CCDbManager.m */ = {isa = PBXFileReference; lastKnownFileType = sourcecode.c.objc; path = CCDbManager.m; sourceTree = "<group>"; };
		4B3AB7061FE21F8E00D22AF8 /* CCSingleton.h */ = {isa = PBXFileReference; lastKnownFileType = sourcecode.c.h; path = CCSingleton.h; sourceTree = "<group>"; };
		4B3AB7071FE2247100D22AF8 /* CCAppConfig.h */ = {isa = PBXFileReference; lastKnownFileType = sourcecode.c.h; path = CCAppConfig.h; sourceTree = "<group>"; };
		4B3AB7091FE2477800D22AF8 /* DCDataSaveViewController.h */ = {isa = PBXFileReference; lastKnownFileType = sourcecode.c.h; path = DCDataSaveViewController.h; sourceTree = "<group>"; };
		4B3AB70A1FE2477800D22AF8 /* DCDataSaveViewController.m */ = {isa = PBXFileReference; lastKnownFileType = sourcecode.c.objc; path = DCDataSaveViewController.m; sourceTree = "<group>"; };
		4B3AB70C1FE247EF00D22AF8 /* DCUserDefaultsViewController.h */ = {isa = PBXFileReference; lastKnownFileType = sourcecode.c.h; path = DCUserDefaultsViewController.h; sourceTree = "<group>"; };
		4B3AB70D1FE247EF00D22AF8 /* DCUserDefaultsViewController.m */ = {isa = PBXFileReference; lastKnownFileType = sourcecode.c.objc; path = DCUserDefaultsViewController.m; sourceTree = "<group>"; };
		4B3AB70F1FE24A1E00D22AF8 /* CCDatabaseCreator.h */ = {isa = PBXFileReference; lastKnownFileType = sourcecode.c.h; path = CCDatabaseCreator.h; sourceTree = "<group>"; };
		4B3AB7101FE24A1E00D22AF8 /* CCDatabaseCreator.m */ = {isa = PBXFileReference; lastKnownFileType = sourcecode.c.objc; path = CCDatabaseCreator.m; sourceTree = "<group>"; };
		4B3AB7121FE24A3B00D22AF8 /* CCUser.h */ = {isa = PBXFileReference; lastKnownFileType = sourcecode.c.h; path = CCUser.h; sourceTree = "<group>"; };
		4B3AB7131FE24A3B00D22AF8 /* CCUser.m */ = {isa = PBXFileReference; lastKnownFileType = sourcecode.c.objc; path = CCUser.m; sourceTree = "<group>"; };
		4B3AB7151FE251EE00D22AF8 /* CCStatus.h */ = {isa = PBXFileReference; lastKnownFileType = sourcecode.c.h; path = CCStatus.h; sourceTree = "<group>"; };
		4B3AB7161FE251EE00D22AF8 /* CCStatus.m */ = {isa = PBXFileReference; lastKnownFileType = sourcecode.c.objc; path = CCStatus.m; sourceTree = "<group>"; };
		4B3AB7181FE25BC500D22AF8 /* CCUserService.h */ = {isa = PBXFileReference; lastKnownFileType = sourcecode.c.h; path = CCUserService.h; sourceTree = "<group>"; };
		4B3AB7191FE25BC500D22AF8 /* CCUserService.m */ = {isa = PBXFileReference; lastKnownFileType = sourcecode.c.objc; path = CCUserService.m; sourceTree = "<group>"; };
		4B3AB71B1FE26D8B00D22AF8 /* CCStatusService.h */ = {isa = PBXFileReference; lastKnownFileType = sourcecode.c.h; path = CCStatusService.h; sourceTree = "<group>"; };
		4B3AB71C1FE26D8B00D22AF8 /* CCStatusService.m */ = {isa = PBXFileReference; lastKnownFileType = sourcecode.c.objc; path = CCStatusService.m; sourceTree = "<group>"; };
		4B3AB7201FE2DD1500D22AF8 /* CCStatusTableViewCell.h */ = {isa = PBXFileReference; lastKnownFileType = sourcecode.c.h; path = CCStatusTableViewCell.h; sourceTree = "<group>"; };
		4B3AB7211FE2DD1500D22AF8 /* CCStatusTableViewCell.m */ = {isa = PBXFileReference; lastKnownFileType = sourcecode.c.objc; path = CCStatusTableViewCell.m; sourceTree = "<group>"; };
		4B3AB7221FE2DD1500D22AF8 /* CCStatusTableViewCell.xib */ = {isa = PBXFileReference; lastKnownFileType = file.xib; path = CCStatusTableViewCell.xib; sourceTree = "<group>"; };
		4B3AB7281FE2DF0E00D22AF8 /* DataBase.md */ = {isa = PBXFileReference; lastKnownFileType = net.daringfireball.markdown; path = DataBase.md; sourceTree = "<group>"; };
		4B3AB7291FE2DF5300D22AF8 /* NetworkStatus.md */ = {isa = PBXFileReference; lastKnownFileType = net.daringfireball.markdown; path = NetworkStatus.md; sourceTree = "<group>"; };
		4B3AB72B1FE2DF8800D22AF8 /* KTVHTTPCache.md */ = {isa = PBXFileReference; lastKnownFileType = net.daringfireball.markdown; path = KTVHTTPCache.md; sourceTree = "<group>"; };
		4B3AB72D1FE3A4AF00D22AF8 /* binger.jpg */ = {isa = PBXFileReference; lastKnownFileType = image.jpeg; path = binger.jpg; sourceTree = "<group>"; };
		4B3AB72F1FE3A50A00D22AF8 /* mbtype.png */ = {isa = PBXFileReference; lastKnownFileType = image.png; path = mbtype.png; sourceTree = "<group>"; };
		4B3AB7331FE3C5B400D22AF8 /* DCParseXML_JSONViewController.h */ = {isa = PBXFileReference; lastKnownFileType = sourcecode.c.h; path = DCParseXML_JSONViewController.h; sourceTree = "<group>"; };
		4B3AB7341FE3C5B400D22AF8 /* DCParseXML_JSONViewController.m */ = {isa = PBXFileReference; lastKnownFileType = sourcecode.c.objc; path = DCParseXML_JSONViewController.m; sourceTree = "<group>"; };
		4B3AB7361FE3C6F200D22AF8 /* DCParseJSONViewController.h */ = {isa = PBXFileReference; lastKnownFileType = sourcecode.c.h; path = DCParseJSONViewController.h; sourceTree = "<group>"; };
		4B3AB7371FE3C6F200D22AF8 /* DCParseJSONViewController.m */ = {isa = PBXFileReference; lastKnownFileType = sourcecode.c.objc; path = DCParseJSONViewController.m; sourceTree = "<group>"; };
		4B3AB7391FE3C75D00D22AF8 /* DCParseXMLViewController.h */ = {isa = PBXFileReference; lastKnownFileType = sourcecode.c.h; path = DCParseXMLViewController.h; sourceTree = "<group>"; };
		4B3AB73A1FE3C75D00D22AF8 /* DCParseXMLViewController.m */ = {isa = PBXFileReference; lastKnownFileType = sourcecode.c.objc; path = DCParseXMLViewController.m; sourceTree = "<group>"; };
		4B3AB73C1FE3C7BC00D22AF8 /* ParseXML&JSON.md */ = {isa = PBXFileReference; lastKnownFileType = net.daringfireball.markdown; path = "ParseXML&JSON.md"; sourceTree = "<group>"; };
		4B3AB73D1FE3D08900D22AF8 /* DCParseJSONViewController.xib */ = {isa = PBXFileReference; lastKnownFileType = file.xib; path = DCParseJSONViewController.xib; sourceTree = "<group>"; };
		4B3AB73F1FE3D74A00D22AF8 /* DCParseXMLViewController.xib */ = {isa = PBXFileReference; lastKnownFileType = file.xib; path = DCParseXMLViewController.xib; sourceTree = "<group>"; };
		4B4AE35A1FD0E856003BBB16 /* DCKnowledgeARCMRCViewController.h */ = {isa = PBXFileReference; lastKnownFileType = sourcecode.c.h; path = DCKnowledgeARCMRCViewController.h; sourceTree = "<group>"; };
		4B4AE35B1FD0E856003BBB16 /* DCKnowledgeARCMRCViewController.m */ = {isa = PBXFileReference; lastKnownFileType = sourcecode.c.objc; path = DCKnowledgeARCMRCViewController.m; sourceTree = "<group>"; };
		4B4AE35C1FD0E856003BBB16 /* DCKnowledgeARCMRCViewController.xib */ = {isa = PBXFileReference; lastKnownFileType = file.xib; path = DCKnowledgeARCMRCViewController.xib; sourceTree = "<group>"; };
		4B4AE35F1FD0E86D003BBB16 /* DCARCObj.h */ = {isa = PBXFileReference; lastKnownFileType = sourcecode.c.h; path = DCARCObj.h; sourceTree = "<group>"; };
		4B4AE3601FD0E86D003BBB16 /* DCARCObj.m */ = {isa = PBXFileReference; lastKnownFileType = sourcecode.c.objc; path = DCARCObj.m; sourceTree = "<group>"; };
		4B4AE3621FD0E879003BBB16 /* DCMRCObj.h */ = {isa = PBXFileReference; lastKnownFileType = sourcecode.c.h; path = DCMRCObj.h; sourceTree = "<group>"; };
		4B4AE3631FD0E879003BBB16 /* DCMRCObj.m */ = {isa = PBXFileReference; lastKnownFileType = sourcecode.c.objc; path = DCMRCObj.m; sourceTree = "<group>"; };
		4B4AE38C1FD1096E003BBB16 /* DCKnowledgeNavController.h */ = {isa = PBXFileReference; lastKnownFileType = sourcecode.c.h; path = DCKnowledgeNavController.h; sourceTree = "<group>"; };
		4B4AE38D1FD1096E003BBB16 /* DCKnowledgeNavController.m */ = {isa = PBXFileReference; lastKnownFileType = sourcecode.c.objc; path = DCKnowledgeNavController.m; sourceTree = "<group>"; };
		4B4AE38F1FD10985003BBB16 /* DCKnowledgeViewController.h */ = {isa = PBXFileReference; lastKnownFileType = sourcecode.c.h; path = DCKnowledgeViewController.h; sourceTree = "<group>"; };
		4B4AE3901FD10985003BBB16 /* DCKnowledgeViewController.m */ = {isa = PBXFileReference; lastKnownFileType = sourcecode.c.objc; path = DCKnowledgeViewController.m; sourceTree = "<group>"; };
		4B4AE3931FD10A65003BBB16 /* DCMainCommonViewController.h */ = {isa = PBXFileReference; lastKnownFileType = sourcecode.c.h; path = DCMainCommonViewController.h; sourceTree = "<group>"; };
		4B4AE3941FD10A65003BBB16 /* DCMainCommonViewController.m */ = {isa = PBXFileReference; lastKnownFileType = sourcecode.c.objc; path = DCMainCommonViewController.m; sourceTree = "<group>"; };
		4B4AE3961FD10A87003BBB16 /* DCMainCommonlyNavController.h */ = {isa = PBXFileReference; lastKnownFileType = sourcecode.c.h; path = DCMainCommonlyNavController.h; sourceTree = "<group>"; };
		4B4AE3971FD10A87003BBB16 /* DCMainCommonlyNavController.m */ = {isa = PBXFileReference; lastKnownFileType = sourcecode.c.objc; path = DCMainCommonlyNavController.m; sourceTree = "<group>"; };
		4B4AE39A1FD13A09003BBB16 /* DCKnowledgeSingletonViewController.h */ = {isa = PBXFileReference; lastKnownFileType = sourcecode.c.h; path = DCKnowledgeSingletonViewController.h; sourceTree = "<group>"; };
		4B4AE39B1FD13A09003BBB16 /* DCKnowledgeSingletonViewController.m */ = {isa = PBXFileReference; lastKnownFileType = sourcecode.c.objc; path = DCKnowledgeSingletonViewController.m; sourceTree = "<group>"; };
		4B55DE3F1FD7D9FC00677AE1 /* DCLazyTableViewController.h */ = {isa = PBXFileReference; lastKnownFileType = sourcecode.c.h; path = DCLazyTableViewController.h; sourceTree = "<group>"; };
		4B55DE401FD7D9FC00677AE1 /* DCLazyTableViewController.m */ = {isa = PBXFileReference; lastKnownFileType = sourcecode.c.objc; path = DCLazyTableViewController.m; sourceTree = "<group>"; };
		4B55DE421FD7DA1200677AE1 /* LazyTable.md */ = {isa = PBXFileReference; lastKnownFileType = net.daringfireball.markdown; path = LazyTable.md; sourceTree = "<group>"; };
		4B55DE431FD7DA9800677AE1 /* ParseOperation.h */ = {isa = PBXFileReference; lastKnownFileType = sourcecode.c.h; path = ParseOperation.h; sourceTree = "<group>"; };
		4B55DE441FD7DA9800677AE1 /* ParseOperation.m */ = {isa = PBXFileReference; lastKnownFileType = sourcecode.c.objc; path = ParseOperation.m; sourceTree = "<group>"; };
		4B55DE461FD7DAB400677AE1 /* AppRecord.h */ = {isa = PBXFileReference; lastKnownFileType = sourcecode.c.h; path = AppRecord.h; sourceTree = "<group>"; };
		4B55DE471FD7DAB400677AE1 /* AppRecord.m */ = {isa = PBXFileReference; lastKnownFileType = sourcecode.c.objc; path = AppRecord.m; sourceTree = "<group>"; };
		4B55DE491FD7DACB00677AE1 /* IconDownloader.h */ = {isa = PBXFileReference; lastKnownFileType = sourcecode.c.h; path = IconDownloader.h; sourceTree = "<group>"; };
		4B55DE4A1FD7DACB00677AE1 /* IconDownloader.m */ = {isa = PBXFileReference; lastKnownFileType = sourcecode.c.objc; path = IconDownloader.m; sourceTree = "<group>"; };
		4B58EBEE1FD25947008D6759 /* DCCocoaNavController.h */ = {isa = PBXFileReference; lastKnownFileType = sourcecode.c.h; path = DCCocoaNavController.h; sourceTree = "<group>"; };
		4B58EBEF1FD25947008D6759 /* DCCocoaNavController.m */ = {isa = PBXFileReference; lastKnownFileType = sourcecode.c.objc; path = DCCocoaNavController.m; sourceTree = "<group>"; };
		4B58EBF11FD2595B008D6759 /* DCCocoaViewController.h */ = {isa = PBXFileReference; lastKnownFileType = sourcecode.c.h; path = DCCocoaViewController.h; sourceTree = "<group>"; };
		4B58EBF21FD2595B008D6759 /* DCCocoaViewController.m */ = {isa = PBXFileReference; lastKnownFileType = sourcecode.c.objc; path = DCCocoaViewController.m; sourceTree = "<group>"; };
		4B58EBF41FD25AB9008D6759 /* DCWebListViewController.h */ = {isa = PBXFileReference; lastKnownFileType = sourcecode.c.h; path = DCWebListViewController.h; sourceTree = "<group>"; };
		4B58EBF51FD25AB9008D6759 /* DCWebListViewController.m */ = {isa = PBXFileReference; lastKnownFileType = sourcecode.c.objc; path = DCWebListViewController.m; sourceTree = "<group>"; };
		4B58EBF71FD25B86008D6759 /* DCWKWebViewController.h */ = {isa = PBXFileReference; lastKnownFileType = sourcecode.c.h; path = DCWKWebViewController.h; sourceTree = "<group>"; };
		4B58EBF81FD25B86008D6759 /* DCWKWebViewController.m */ = {isa = PBXFileReference; lastKnownFileType = sourcecode.c.objc; path = DCWKWebViewController.m; sourceTree = "<group>"; };
		4B58EBFA1FD27F86008D6759 /* DemoCollectionPrefix.pch */ = {isa = PBXFileReference; lastKnownFileType = sourcecode.c.h; path = DemoCollectionPrefix.pch; sourceTree = "<group>"; };
		4B650BBF1FC65CB9007A6699 /* KeysSecrets.h */ = {isa = PBXFileReference; lastKnownFileType = sourcecode.c.h; path = KeysSecrets.h; sourceTree = "<group>"; };
		4B650BC01FC65CE7007A6699 /* Demo_KeysSecrets.h */ = {isa = PBXFileReference; lastKnownFileType = sourcecode.c.h; path = Demo_KeysSecrets.h; sourceTree = "<group>"; };
		4B9207F71FC511C200C3B6AC /* Defines.h */ = {isa = PBXFileReference; lastKnownFileType = sourcecode.c.h; path = Defines.h; sourceTree = "<group>"; };
		4BC163F61FE769D30037FB33 /* DCKnowledgeCopyTableViewController.h */ = {isa = PBXFileReference; lastKnownFileType = sourcecode.c.h; path = DCKnowledgeCopyTableViewController.h; sourceTree = "<group>"; };
		4BC163F71FE769D30037FB33 /* DCKnowledgeCopyTableViewController.m */ = {isa = PBXFileReference; lastKnownFileType = sourcecode.c.objc; path = DCKnowledgeCopyTableViewController.m; sourceTree = "<group>"; };
		4BC163F81FE769D30037FB33 /* DCKnowledgeCopyTableViewController.xib */ = {isa = PBXFileReference; lastKnownFileType = file.xib; path = DCKnowledgeCopyTableViewController.xib; sourceTree = "<group>"; };
		4BC163FF1FE7743A0037FB33 /* DCKnowledgeSuperSelfViewController.h */ = {isa = PBXFileReference; lastKnownFileType = sourcecode.c.h; path = DCKnowledgeSuperSelfViewController.h; sourceTree = "<group>"; };
		4BC164001FE7743A0037FB33 /* DCKnowledgeSuperSelfViewController.m */ = {isa = PBXFileReference; lastKnownFileType = sourcecode.c.objc; path = DCKnowledgeSuperSelfViewController.m; sourceTree = "<group>"; };
		4BC164011FE7743A0037FB33 /* DCKnowledgeInheritViewController.xib */ = {isa = PBXFileReference; lastKnownFileType = file.xib; path = DCKnowledgeInheritViewController.xib; sourceTree = "<group>"; };
		4BC164041FE7744D0037FB33 /* Father.h */ = {isa = PBXFileReference; lastKnownFileType = sourcecode.c.h; path = Father.h; sourceTree = "<group>"; };
		4BC164051FE7744D0037FB33 /* Father.m */ = {isa = PBXFileReference; lastKnownFileType = sourcecode.c.objc; path = Father.m; sourceTree = "<group>"; };
		4BC164071FE774620037FB33 /* Children.h */ = {isa = PBXFileReference; lastKnownFileType = sourcecode.c.h; path = Children.h; sourceTree = "<group>"; };
		4BC164081FE774620037FB33 /* Children.m */ = {isa = PBXFileReference; lastKnownFileType = sourcecode.c.objc; path = Children.m; sourceTree = "<group>"; };
		4BC1640A1FE77B050037FB33 /* self&super.md */ = {isa = PBXFileReference; lastKnownFileType = net.daringfireball.markdown; path = "self&super.md"; sourceTree = "<group>"; };
		4BC1640B1FE77CC50037FB33 /* Person.h */ = {isa = PBXFileReference; lastKnownFileType = sourcecode.c.h; path = Person.h; sourceTree = "<group>"; };
		4BC1640C1FE77CC50037FB33 /* Person.m */ = {isa = PBXFileReference; lastKnownFileType = sourcecode.c.objc; path = Person.m; sourceTree = "<group>"; };
		4BC1640E1FE77EF40037FB33 /* PersonChen.h */ = {isa = PBXFileReference; lastKnownFileType = sourcecode.c.h; path = PersonChen.h; sourceTree = "<group>"; };
		4BC1640F1FE77EF40037FB33 /* PersonChen.m */ = {isa = PBXFileReference; lastKnownFileType = sourcecode.c.objc; path = PersonChen.m; sourceTree = "<group>"; };
		4BC164121FE7A2110037FB33 /* DCNetworkViewController.h */ = {isa = PBXFileReference; lastKnownFileType = sourcecode.c.h; path = DCNetworkViewController.h; sourceTree = "<group>"; };
		4BC164131FE7A2110037FB33 /* DCNetworkViewController.m */ = {isa = PBXFileReference; lastKnownFileType = sourcecode.c.objc; path = DCNetworkViewController.m; sourceTree = "<group>"; };
		4BC164151FE7A29C0037FB33 /* DCNetworkDelegateViewController.h */ = {isa = PBXFileReference; lastKnownFileType = sourcecode.c.h; path = DCNetworkDelegateViewController.h; sourceTree = "<group>"; };
		4BC164161FE7A29C0037FB33 /* DCNetworkDelegateViewController.m */ = {isa = PBXFileReference; lastKnownFileType = sourcecode.c.objc; path = DCNetworkDelegateViewController.m; sourceTree = "<group>"; };
		4BC164181FE7B8400037FB33 /* DCNetworkSimpleViewController.h */ = {isa = PBXFileReference; lastKnownFileType = sourcecode.c.h; path = DCNetworkSimpleViewController.h; sourceTree = "<group>"; };
		4BC164191FE7B8400037FB33 /* DCNetworkSimpleViewController.m */ = {isa = PBXFileReference; lastKnownFileType = sourcecode.c.objc; path = DCNetworkSimpleViewController.m; sourceTree = "<group>"; };
		4BC1641C1FE8C2880037FB33 /* DCCoreDataViewController.h */ = {isa = PBXFileReference; lastKnownFileType = sourcecode.c.h; path = DCCoreDataViewController.h; sourceTree = "<group>"; };
		4BC1641D1FE8C2880037FB33 /* DCCoreDataViewController.m */ = {isa = PBXFileReference; lastKnownFileType = sourcecode.c.objc; path = DCCoreDataViewController.m; sourceTree = "<group>"; };
		4BC164201FE8C2BD0037FB33 /* DCCoreData.xcdatamodel */ = {isa = PBXFileReference; lastKnownFileType = wrapper.xcdatamodel; path = DCCoreData.xcdatamodel; sourceTree = "<group>"; };
		4BC164351FE8DB980037FB33 /* DCMFDBManager.h */ = {isa = PBXFileReference; lastKnownFileType = sourcecode.c.h; path = DCMFDBManager.h; sourceTree = "<group>"; };
		4BC164361FE8DB980037FB33 /* DCMFDBManager.m */ = {isa = PBXFileReference; lastKnownFileType = sourcecode.c.objc; path = DCMFDBManager.m; sourceTree = "<group>"; };
		4BC164381FE8E2260037FB33 /* DCFMDBQueueManager.h */ = {isa = PBXFileReference; lastKnownFileType = sourcecode.c.h; path = DCFMDBQueueManager.h; sourceTree = "<group>"; };
		4BC164391FE8E2260037FB33 /* DCFMDBQueueManager.m */ = {isa = PBXFileReference; lastKnownFileType = sourcecode.c.objc; path = DCFMDBQueueManager.m; sourceTree = "<group>"; };
		4BC1643B1FE8F0400037FB33 /* DCNetworkURLSessionDataViewController.h */ = {isa = PBXFileReference; lastKnownFileType = sourcecode.c.h; path = DCNetworkURLSessionDataViewController.h; sourceTree = "<group>"; };
		4BC1643C1FE8F0400037FB33 /* DCNetworkURLSessionDataViewController.m */ = {isa = PBXFileReference; lastKnownFileType = sourcecode.c.objc; path = DCNetworkURLSessionDataViewController.m; sourceTree = "<group>"; };
		4BC1643F1FE924360037FB33 /* DCTypeConvertViewController.h */ = {isa = PBXFileReference; lastKnownFileType = sourcecode.c.h; path = DCTypeConvertViewController.h; sourceTree = "<group>"; };
		4BC164401FE924360037FB33 /* DCTypeConvertViewController.m */ = {isa = PBXFileReference; lastKnownFileType = sourcecode.c.objc; path = DCTypeConvertViewController.m; sourceTree = "<group>"; };
		4BC164421FEA5B480037FB33 /* DCBlockObject.h */ = {isa = PBXFileReference; lastKnownFileType = sourcecode.c.h; path = DCBlockObject.h; sourceTree = "<group>"; };
		4BC164431FEA5B480037FB33 /* DCBlockObject.m */ = {isa = PBXFileReference; lastKnownFileType = sourcecode.c.objc; path = DCBlockObject.m; sourceTree = "<group>"; };
		4BC164451FEA5B8B0037FB33 /* DCBlockViewController.h */ = {isa = PBXFileReference; lastKnownFileType = sourcecode.c.h; path = DCBlockViewController.h; sourceTree = "<group>"; };
		4BC164461FEA5B8B0037FB33 /* DCBlockViewController.m */ = {isa = PBXFileReference; lastKnownFileType = sourcecode.c.objc; path = DCBlockViewController.m; sourceTree = "<group>"; };
		4BC164481FEA5C4E0037FB33 /* DCDelegateViewController.h */ = {isa = PBXFileReference; lastKnownFileType = sourcecode.c.h; path = DCDelegateViewController.h; sourceTree = "<group>"; };
		4BC164491FEA5C4E0037FB33 /* DCDelegateViewController.m */ = {isa = PBXFileReference; lastKnownFileType = sourcecode.c.objc; path = DCDelegateViewController.m; sourceTree = "<group>"; };
		4BC1644B1FEA5C950037FB33 /* DCDelegateObject.h */ = {isa = PBXFileReference; lastKnownFileType = sourcecode.c.h; path = DCDelegateObject.h; sourceTree = "<group>"; };
		4BC1644C1FEA5C950037FB33 /* DCDelegateObject.m */ = {isa = PBXFileReference; lastKnownFileType = sourcecode.c.objc; path = DCDelegateObject.m; sourceTree = "<group>"; };
		4BC1644F1FEA5F9C0037FB33 /* DCSignletonManager.h */ = {isa = PBXFileReference; lastKnownFileType = sourcecode.c.h; path = DCSignletonManager.h; sourceTree = "<group>"; };
		4BC164501FEA5F9C0037FB33 /* DCSignletonManager.m */ = {isa = PBXFileReference; lastKnownFileType = sourcecode.c.objc; path = DCSignletonManager.m; sourceTree = "<group>"; };
		4BC537D41FE4FDE600654B6E /* PersonXML.xml */ = {isa = PBXFileReference; lastKnownFileType = text.xml; path = PersonXML.xml; sourceTree = "<group>"; };
		4BC537D61FE4FEA900654B6E /* PersonObj.h */ = {isa = PBXFileReference; lastKnownFileType = sourcecode.c.h; path = PersonObj.h; sourceTree = "<group>"; };
		4BC537D71FE4FEA900654B6E /* PersonObj.m */ = {isa = PBXFileReference; lastKnownFileType = sourcecode.c.objc; path = PersonObj.m; sourceTree = "<group>"; };
		4BC537D91FE5011C00654B6E /* XMLUtil.h */ = {isa = PBXFileReference; lastKnownFileType = sourcecode.c.h; path = XMLUtil.h; sourceTree = "<group>"; };
		4BC537DA1FE5011C00654B6E /* XMLUtil.m */ = {isa = PBXFileReference; lastKnownFileType = sourcecode.c.objc; path = XMLUtil.m; sourceTree = "<group>"; };
		4BD4EB3F1FE00DE20018DC2B /* libsqlite3.0.tbd */ = {isa = PBXFileReference; lastKnownFileType = "sourcecode.text-based-dylib-definition"; name = libsqlite3.0.tbd; path = usr/lib/libsqlite3.0.tbd; sourceTree = SDKROOT; };
		4BD4EB421FE00F6D0018DC2B /* DCDBMainTableViewController.h */ = {isa = PBXFileReference; lastKnownFileType = sourcecode.c.h; path = DCDBMainTableViewController.h; sourceTree = "<group>"; };
		4BD4EB431FE00F6D0018DC2B /* DCDBMainTableViewController.m */ = {isa = PBXFileReference; lastKnownFileType = sourcecode.c.objc; path = DCDBMainTableViewController.m; sourceTree = "<group>"; };
		4BD4EB451FE0105E0018DC2B /* DCDBSQLiteViewController.h */ = {isa = PBXFileReference; lastKnownFileType = sourcecode.c.h; path = DCDBSQLiteViewController.h; sourceTree = "<group>"; };
		4BD4EB461FE0105E0018DC2B /* DCDBSQLiteViewController.m */ = {isa = PBXFileReference; lastKnownFileType = sourcecode.c.objc; path = DCDBSQLiteViewController.m; sourceTree = "<group>"; };
		67DD4A3396001682871EEE1A /* libPods-DemoCollection.a */ = {isa = PBXFileReference; explicitFileType = archive.ar; includeInIndex = 0; path = "libPods-DemoCollection.a"; sourceTree = BUILT_PRODUCTS_DIR; };
		B7309ABDA2E8787EE926DC9F /* Pods-DemoCollection.debug.xcconfig */ = {isa = PBXFileReference; includeInIndex = 1; lastKnownFileType = text.xcconfig; name = "Pods-DemoCollection.debug.xcconfig"; path = "Pods/Target Support Files/Pods-DemoCollection/Pods-DemoCollection.debug.xcconfig"; sourceTree = "<group>"; };
		EC311D67C4456FC5862E61A1 /* Pods-DemoCollection.release.xcconfig */ = {isa = PBXFileReference; includeInIndex = 1; lastKnownFileType = text.xcconfig; name = "Pods-DemoCollection.release.xcconfig"; path = "Pods/Target Support Files/Pods-DemoCollection/Pods-DemoCollection.release.xcconfig"; sourceTree = "<group>"; };
/* End PBXFileReference section */

/* Begin PBXFrameworksBuildPhase section */
		4B1DE04E1FA2BD4A0067B8DA /* Frameworks */ = {
			isa = PBXFrameworksBuildPhase;
			buildActionMask = 2147483647;
			files = (
				4BD4EB401FE00DE20018DC2B /* libsqlite3.0.tbd in Frameworks */,
				512A6F3819B216FC21C79FB3 /* libPods-DemoCollection.a in Frameworks */,
			);
			runOnlyForDeploymentPostprocessing = 0;
		};
/* End PBXFrameworksBuildPhase section */

/* Begin PBXGroup section */
		300992D42918995875FCFCE2 /* Frameworks */ = {
			isa = PBXGroup;
			children = (
				4BD4EB3F1FE00DE20018DC2B /* libsqlite3.0.tbd */,
				67DD4A3396001682871EEE1A /* libPods-DemoCollection.a */,
			);
			name = Frameworks;
			sourceTree = "<group>";
		};
		4B1DE0481FA2BD4A0067B8DA = {
			isa = PBXGroup;
			children = (
				4B1DE0531FA2BD4A0067B8DA /* DemoCollection */,
				4B1DE0521FA2BD4A0067B8DA /* Products */,
				4BB13A8ABD4119B3875F392F /* Pods */,
				300992D42918995875FCFCE2 /* Frameworks */,
			);
			sourceTree = "<group>";
		};
		4B1DE0521FA2BD4A0067B8DA /* Products */ = {
			isa = PBXGroup;
			children = (
				4B1DE0511FA2BD4A0067B8DA /* DemoCollection.app */,
			);
			name = Products;
			sourceTree = "<group>";
		};
		4B1DE0531FA2BD4A0067B8DA /* DemoCollection */ = {
			isa = PBXGroup;
			children = (
				4B3AB7411FE3DF0700D22AF8 /* Other */,
				4B1DE06B1FA2E3C10067B8DA /* AppDelegate */,
				4B1DE0731FA2E8120067B8DA /* Main Tab Controller（入口） */,
				4B1DE0A21FA31A780067B8DA /* BaseVC */,
				4B1DE06E1FA2E47D0067B8DA /* Third party service（第三方服务） */,
				4B1DE06D1FA2E4010067B8DA /* Third party library（第三方类库） */,
				4B1DE08A1FA2EDA80067B8DA /* Cocoa Lib（Cocoa库） */,
				4B1DE0891FA2ED600067B8DA /* Commonly Module(常用模块) */,
				4B4AE3581FD0E7DF003BBB16 /* Knowledge(知识点) */,
				4B1DE06C1FA2E3CF0067B8DA /* Defines */,
				4B4AE3A71FD14153003BBB16 /* Category */,
				4B4AE3A61FD14149003BBB16 /* Tools */,
				4B1DE0541FA2BD4A0067B8DA /* Supporting Files */,
			);
			path = DemoCollection;
			sourceTree = "<group>";
		};
		4B1DE0541FA2BD4A0067B8DA /* Supporting Files */ = {
			isa = PBXGroup;
			children = (
				4B1DE05D1FA2BD4A0067B8DA /* Main.storyboard */,
				4B1DE0621FA2BD4A0067B8DA /* LaunchScreen.storyboard */,
				4B1DE0601FA2BD4A0067B8DA /* Assets.xcassets */,
				4B1DE0651FA2BD4A0067B8DA /* Info.plist */,
				4B1DE0551FA2BD4A0067B8DA /* main.m */,
				4B58EBFA1FD27F86008D6759 /* DemoCollectionPrefix.pch */,
			);
			name = "Supporting Files";
			sourceTree = "<group>";
		};
		4B1DE06B1FA2E3C10067B8DA /* AppDelegate */ = {
			isa = PBXGroup;
			children = (
				4B1DE0571FA2BD4A0067B8DA /* AppDelegate.h */,
				4B1DE0581FA2BD4A0067B8DA /* AppDelegate.m */,
			);
			name = AppDelegate;
			sourceTree = "<group>";
		};
		4B1DE06C1FA2E3CF0067B8DA /* Defines */ = {
			isa = PBXGroup;
			children = (
				4B3AB7071FE2247100D22AF8 /* CCAppConfig.h */,
				4B9207F71FC511C200C3B6AC /* Defines.h */,
				4B650BBF1FC65CB9007A6699 /* KeysSecrets.h */,
				4B650BC01FC65CE7007A6699 /* Demo_KeysSecrets.h */,
			);
			name = Defines;
			sourceTree = "<group>";
		};
		4B1DE06D1FA2E4010067B8DA /* Third party library（第三方类库） */ = {
			isa = PBXGroup;
			children = (
				4B3AB72A1FE2DF7B00D22AF8 /* KTVHTTPCache */,
				4B1DE07E1FA2EC3B0067B8DA /* MainLibNav */,
				4B1DE07F1FA2EC500067B8DA /* MainLibVC */,
			);
			name = "Third party library（第三方类库）";
			sourceTree = "<group>";
		};
		4B1DE06E1FA2E47D0067B8DA /* Third party service（第三方服务） */ = {
			isa = PBXGroup;
			children = (
				4B1DE0771FA2EB9D0067B8DA /* MainServiceNav */,
				4B1DE07A1FA2EBE40067B8DA /* MainServiceVC */,
				4B1DE0791FA2EBCF0067B8DA /* Map(地图) */,
			);
			name = "Third party service（第三方服务）";
			sourceTree = "<group>";
		};
		4B1DE0731FA2E8120067B8DA /* Main Tab Controller（入口） */ = {
			isa = PBXGroup;
			children = (
				4B1DE0741FA2EB8B0067B8DA /* DCMainTabBarController.h */,
				4B1DE0751FA2EB8B0067B8DA /* DCMainTabBarController.m */,
			);
			name = "Main Tab Controller（入口）";
			sourceTree = "<group>";
		};
		4B1DE0771FA2EB9D0067B8DA /* MainServiceNav */ = {
			isa = PBXGroup;
			children = (
				4B1DE0A31FA31C4C0067B8DA /* DCMainServiceNavController.h */,
				4B1DE0A41FA31C4C0067B8DA /* DCMainServiceNavController.m */,
			);
			name = MainServiceNav;
			sourceTree = "<group>";
		};
		4B1DE0791FA2EBCF0067B8DA /* Map(地图) */ = {
			isa = PBXGroup;
			children = (
				4B1DE08E1FA2F0ED0067B8DA /* MapVC */,
				4B1DE08D1FA2F0DF0067B8DA /* MapBaidu */,
				4B1DE08C1FA2F0D80067B8DA /* MapGaode */,
				4B1DE08B1FA2F0C70067B8DA /* MapTencent */,
			);
			name = "Map(地图)";
			sourceTree = "<group>";
		};
		4B1DE07A1FA2EBE40067B8DA /* MainServiceVC */ = {
			isa = PBXGroup;
			children = (
				4B1DE0A91FA31D640067B8DA /* DCMainServiceController.h */,
				4B1DE0AA1FA31D640067B8DA /* DCMainServiceController.m */,
			);
			name = MainServiceVC;
			sourceTree = "<group>";
		};
		4B1DE07E1FA2EC3B0067B8DA /* MainLibNav */ = {
			isa = PBXGroup;
			children = (
				4B1DE0801FA2ED020067B8DA /* DCMainLibNavController.h */,
				4B1DE0811FA2ED020067B8DA /* DCMainLibNavController.m */,
			);
			name = MainLibNav;
			sourceTree = "<group>";
		};
		4B1DE07F1FA2EC500067B8DA /* MainLibVC */ = {
			isa = PBXGroup;
			children = (
				4B1DE0861FA2ED410067B8DA /* DCMainLibViewController.h */,
				4B1DE0871FA2ED410067B8DA /* DCMainLibViewController.m */,
			);
			name = MainLibVC;
			sourceTree = "<group>";
		};
		4B1DE0891FA2ED600067B8DA /* Commonly Module(常用模块) */ = {
			isa = PBXGroup;
			children = (
				4B4AE3921FD10A33003BBB16 /* MainCommonly */,
				4BC164111FE7A1270037FB33 /* Network(网络开发) */,
				4B3AB7321FE3C45200D22AF8 /* ParseXML&JSON(数据解析) */,
				4B55DE3E1FD7D9A200677AE1 /* LazyTable(懒加载图片) */,
				4B4AE3A21FD1403E003BBB16 /* LaunchPage(启动页) */,
				4B4AE3A11FD1402B003BBB16 /* ADPage(广告页) */,
				4B4AE3A31FD14072003BBB16 /* Banner(轮播图) */,
				4BD4EB411FE00DF70018DC2B /* DataBase(数据库) */,
				4B3AB7081FE2472A00D22AF8 /* DataSave(数据存储) */,
				4B3AB71E1FE27C2700D22AF8 /* NetworkStatus(网络状态) */,
				4B4AE3AC1FD14529003BBB16 /* Today Extension */,
				4B4AE3AA1FD144CE003BBB16 /* URLScheme */,
				4B4AE3AB1FD1451E003BBB16 /* Today */,
				4B4AE3AD1FD14592003BBB16 /* 3D Touch */,
			);
			name = "Commonly Module(常用模块)";
			sourceTree = "<group>";
		};
		4B1DE08A1FA2EDA80067B8DA /* Cocoa Lib（Cocoa库） */ = {
			isa = PBXGroup;
			children = (
				4B650BBD1FC589F1007A6699 /* MainCocoaNav */,
				4B650BBE1FC589FE007A6699 /* MainCocoaVC */,
				4B58EBEB1FD2551B008D6759 /* WebView */,
			);
			name = "Cocoa Lib（Cocoa库）";
			sourceTree = "<group>";
		};
		4B1DE08B1FA2F0C70067B8DA /* MapTencent */ = {
			isa = PBXGroup;
			children = (
				4B1DE0991FA303DD0067B8DA /* DCMapTencentViewController.h */,
				4B1DE09A1FA303DD0067B8DA /* DCMapTencentViewController.m */,
			);
			name = MapTencent;
			sourceTree = "<group>";
		};
		4B1DE08C1FA2F0D80067B8DA /* MapGaode */ = {
			isa = PBXGroup;
			children = (
				4B1DE0961FA303D00067B8DA /* DCMapGaodeViewController.h */,
				4B1DE0971FA303D00067B8DA /* DCMapGaodeViewController.m */,
			);
			name = MapGaode;
			sourceTree = "<group>";
		};
		4B1DE08D1FA2F0DF0067B8DA /* MapBaidu */ = {
			isa = PBXGroup;
			children = (
				4B1DE0931FA303C40067B8DA /* DCMapBaiduViewController.h */,
				4B1DE0941FA303C40067B8DA /* DCMapBaiduViewController.m */,
			);
			name = MapBaidu;
			sourceTree = "<group>";
		};
		4B1DE08E1FA2F0ED0067B8DA /* MapVC */ = {
			isa = PBXGroup;
			children = (
				4B1DE08F1FA2F1300067B8DA /* DCMapViewController.h */,
				4B1DE0901FA2F1300067B8DA /* DCMapViewController.m */,
			);
			name = MapVC;
			sourceTree = "<group>";
		};
		4B1DE0A21FA31A780067B8DA /* BaseVC */ = {
			isa = PBXGroup;
			children = (
				4B1DE09C1FA31A2D0067B8DA /* DCBaseViewController.h */,
				4B1DE09D1FA31A2D0067B8DA /* DCBaseViewController.m */,
				4B1DE0A61FA31CB90067B8DA /* DCBaseNavViewController.h */,
				4B1DE0A71FA31CB90067B8DA /* DCBaseNavViewController.m */,
			);
			name = BaseVC;
			sourceTree = "<group>";
		};
		4B3AB7081FE2472A00D22AF8 /* DataSave(数据存储) */ = {
			isa = PBXGroup;
			children = (
				4B3AB7091FE2477800D22AF8 /* DCDataSaveViewController.h */,
				4B3AB70A1FE2477800D22AF8 /* DCDataSaveViewController.m */,
				4B3AB70C1FE247EF00D22AF8 /* DCUserDefaultsViewController.h */,
				4B3AB70D1FE247EF00D22AF8 /* DCUserDefaultsViewController.m */,
			);
			name = "DataSave(数据存储)";
			sourceTree = "<group>";
		};
		4B3AB71E1FE27C2700D22AF8 /* NetworkStatus(网络状态) */ = {
			isa = PBXGroup;
			children = (
				4B3AB7291FE2DF5300D22AF8 /* NetworkStatus.md */,
			);
			name = "NetworkStatus(网络状态)";
			sourceTree = "<group>";
		};
		4B3AB71F1FE2D3F000D22AF8 /* SQLite */ = {
			isa = PBXGroup;
			children = (
				4B3AB7311FE3ABD700D22AF8 /* View */,
				4B3AB72C1FE3A49D00D22AF8 /* Resource */,
				4B3AB7261FE2DD3A00D22AF8 /* Modle */,
				4B3AB7251FE2DD1E00D22AF8 /* Controller */,
				4B3AB7271FE2DD4C00D22AF8 /* Manager */,
			);
			name = SQLite;
			sourceTree = "<group>";
		};
		4B3AB7251FE2DD1E00D22AF8 /* Controller */ = {
			isa = PBXGroup;
			children = (
				4BD4EB451FE0105E0018DC2B /* DCDBSQLiteViewController.h */,
				4BD4EB461FE0105E0018DC2B /* DCDBSQLiteViewController.m */,
			);
			name = Controller;
			sourceTree = "<group>";
		};
		4B3AB7261FE2DD3A00D22AF8 /* Modle */ = {
			isa = PBXGroup;
			children = (
				4B3AB7121FE24A3B00D22AF8 /* CCUser.h */,
				4B3AB7131FE24A3B00D22AF8 /* CCUser.m */,
				4B3AB7151FE251EE00D22AF8 /* CCStatus.h */,
				4B3AB7161FE251EE00D22AF8 /* CCStatus.m */,
			);
			name = Modle;
			sourceTree = "<group>";
		};
		4B3AB7271FE2DD4C00D22AF8 /* Manager */ = {
			isa = PBXGroup;
			children = (
				4B3AB70F1FE24A1E00D22AF8 /* CCDatabaseCreator.h */,
				4B3AB7101FE24A1E00D22AF8 /* CCDatabaseCreator.m */,
				4B3AB7181FE25BC500D22AF8 /* CCUserService.h */,
				4B3AB7191FE25BC500D22AF8 /* CCUserService.m */,
				4B3AB71B1FE26D8B00D22AF8 /* CCStatusService.h */,
				4B3AB71C1FE26D8B00D22AF8 /* CCStatusService.m */,
			);
			name = Manager;
			sourceTree = "<group>";
		};
		4B3AB72A1FE2DF7B00D22AF8 /* KTVHTTPCache */ = {
			isa = PBXGroup;
			children = (
				4B3AB72B1FE2DF8800D22AF8 /* KTVHTTPCache.md */,
			);
			name = KTVHTTPCache;
			sourceTree = "<group>";
		};
		4B3AB72C1FE3A49D00D22AF8 /* Resource */ = {
			isa = PBXGroup;
			children = (
				4B3AB72D1FE3A4AF00D22AF8 /* binger.jpg */,
				4B3AB72F1FE3A50A00D22AF8 /* mbtype.png */,
			);
			name = Resource;
			sourceTree = "<group>";
		};
		4B3AB7311FE3ABD700D22AF8 /* View */ = {
			isa = PBXGroup;
			children = (
				4B3AB7201FE2DD1500D22AF8 /* CCStatusTableViewCell.h */,
				4B3AB7211FE2DD1500D22AF8 /* CCStatusTableViewCell.m */,
				4B3AB7221FE2DD1500D22AF8 /* CCStatusTableViewCell.xib */,
			);
			name = View;
			sourceTree = "<group>";
		};
		4B3AB7321FE3C45200D22AF8 /* ParseXML&JSON(数据解析) */ = {
			isa = PBXGroup;
			children = (
				4B3AB7331FE3C5B400D22AF8 /* DCParseXML_JSONViewController.h */,
				4B3AB7341FE3C5B400D22AF8 /* DCParseXML_JSONViewController.m */,
				4B3AB73C1FE3C7BC00D22AF8 /* ParseXML&JSON.md */,
				4BC537D11FE4FDA700654B6E /* JSON */,
				4BC537D01FE4FD9900654B6E /* XML */,
			);
			name = "ParseXML&JSON(数据解析)";
			sourceTree = "<group>";
		};
		4B3AB7411FE3DF0700D22AF8 /* Other */ = {
			isa = PBXGroup;
			children = (
			);
			name = Other;
			sourceTree = "<group>";
		};
		4B4AE3581FD0E7DF003BBB16 /* Knowledge(知识点) */ = {
			isa = PBXGroup;
			children = (
				4B4AE38B1FD10932003BBB16 /* MainKnowledge */,
				4BC1643E1FE9240F0037FB33 /* TypeConvert(类型转换) */,
				4BC163FE1FE7740C0037FB33 /* Super&Self */,
				4BC163F51FE7695B0037FB33 /* Copy */,
				4B4AE3591FD0E81A003BBB16 /* ARC&MRC */,
				4B4AE3991FD13997003BBB16 /* Singleton(单例) */,
				4B4AE39D1FD13A2C003BBB16 /* Multithreading(多线程) */,
				4B4AE39E1FD13A46003BBB16 /* DataPersistence(数据持久化) */,
				4B4AE3A01FD14002003BBB16 /* WebView&H5 */,
				4B4AE3A41FD1412F003BBB16 /* Block */,
				4B4AE3A51FD14135003BBB16 /* Delegate */,
				4B4AE3A81FD1416E003BBB16 /* Category */,
				4B4AE3A91FD14193003BBB16 /* Notification */,
			);
			name = "Knowledge(知识点)";
			sourceTree = "<group>";
		};
		4B4AE3591FD0E81A003BBB16 /* ARC&MRC */ = {
			isa = PBXGroup;
			children = (
				4B4AE35A1FD0E856003BBB16 /* DCKnowledgeARCMRCViewController.h */,
				4B4AE35B1FD0E856003BBB16 /* DCKnowledgeARCMRCViewController.m */,
				4B4AE35C1FD0E856003BBB16 /* DCKnowledgeARCMRCViewController.xib */,
				4B4AE35F1FD0E86D003BBB16 /* DCARCObj.h */,
				4B4AE3601FD0E86D003BBB16 /* DCARCObj.m */,
				4B4AE3621FD0E879003BBB16 /* DCMRCObj.h */,
				4B4AE3631FD0E879003BBB16 /* DCMRCObj.m */,
			);
			name = "ARC&MRC";
			sourceTree = "<group>";
		};
		4B4AE38B1FD10932003BBB16 /* MainKnowledge */ = {
			isa = PBXGroup;
			children = (
				4B4AE38C1FD1096E003BBB16 /* DCKnowledgeNavController.h */,
				4B4AE38D1FD1096E003BBB16 /* DCKnowledgeNavController.m */,
				4B4AE38F1FD10985003BBB16 /* DCKnowledgeViewController.h */,
				4B4AE3901FD10985003BBB16 /* DCKnowledgeViewController.m */,
			);
			name = MainKnowledge;
			sourceTree = "<group>";
		};
		4B4AE3921FD10A33003BBB16 /* MainCommonly */ = {
			isa = PBXGroup;
			children = (
				4B4AE3961FD10A87003BBB16 /* DCMainCommonlyNavController.h */,
				4B4AE3971FD10A87003BBB16 /* DCMainCommonlyNavController.m */,
				4B4AE3931FD10A65003BBB16 /* DCMainCommonViewController.h */,
				4B4AE3941FD10A65003BBB16 /* DCMainCommonViewController.m */,
			);
			name = MainCommonly;
			sourceTree = "<group>";
		};
		4B4AE3991FD13997003BBB16 /* Singleton(单例) */ = {
			isa = PBXGroup;
			children = (
				4B4AE39A1FD13A09003BBB16 /* DCKnowledgeSingletonViewController.h */,
				4B4AE39B1FD13A09003BBB16 /* DCKnowledgeSingletonViewController.m */,
				4BC1644F1FEA5F9C0037FB33 /* DCSignletonManager.h */,
				4BC164501FEA5F9C0037FB33 /* DCSignletonManager.m */,
			);
			name = "Singleton(单例)";
			sourceTree = "<group>";
		};
		4B4AE39D1FD13A2C003BBB16 /* Multithreading(多线程) */ = {
			isa = PBXGroup;
			children = (
				4BC1644E1FEA5E030037FB33 /* GCD */,
				4B4AE39F1FD13B68003BBB16 /* NSThread */,
			);
			name = "Multithreading(多线程)";
			sourceTree = "<group>";
		};
		4B4AE39E1FD13A46003BBB16 /* DataPersistence(数据持久化) */ = {
			isa = PBXGroup;
			children = (
			);
			name = "DataPersistence(数据持久化)";
			sourceTree = "<group>";
		};
		4B4AE39F1FD13B68003BBB16 /* NSThread */ = {
			isa = PBXGroup;
			children = (
			);
			name = NSThread;
			sourceTree = "<group>";
		};
		4B4AE3A01FD14002003BBB16 /* WebView&H5 */ = {
			isa = PBXGroup;
			children = (
			);
			name = "WebView&H5";
			sourceTree = "<group>";
		};
		4B4AE3A11FD1402B003BBB16 /* ADPage(广告页) */ = {
			isa = PBXGroup;
			children = (
			);
			name = "ADPage(广告页)";
			sourceTree = "<group>";
		};
		4B4AE3A21FD1403E003BBB16 /* LaunchPage(启动页) */ = {
			isa = PBXGroup;
			children = (
			);
			name = "LaunchPage(启动页)";
			sourceTree = "<group>";
		};
		4B4AE3A31FD14072003BBB16 /* Banner(轮播图) */ = {
			isa = PBXGroup;
			children = (
			);
			name = "Banner(轮播图)";
			sourceTree = "<group>";
		};
		4B4AE3A41FD1412F003BBB16 /* Block */ = {
			isa = PBXGroup;
			children = (
				4BC164451FEA5B8B0037FB33 /* DCBlockViewController.h */,
				4BC164461FEA5B8B0037FB33 /* DCBlockViewController.m */,
				4BC164421FEA5B480037FB33 /* DCBlockObject.h */,
				4BC164431FEA5B480037FB33 /* DCBlockObject.m */,
			);
			name = Block;
			sourceTree = "<group>";
		};
		4B4AE3A51FD14135003BBB16 /* Delegate */ = {
			isa = PBXGroup;
			children = (
				4BC164481FEA5C4E0037FB33 /* DCDelegateViewController.h */,
				4BC164491FEA5C4E0037FB33 /* DCDelegateViewController.m */,
				4BC1644B1FEA5C950037FB33 /* DCDelegateObject.h */,
				4BC1644C1FEA5C950037FB33 /* DCDelegateObject.m */,
			);
			name = Delegate;
			sourceTree = "<group>";
		};
		4B4AE3A61FD14149003BBB16 /* Tools */ = {
			isa = PBXGroup;
			children = (
				4B3AB7031FE21BB300D22AF8 /* CCDbManager.h */,
				4B3AB7041FE21BB300D22AF8 /* CCDbManager.m */,
				4B3AB7061FE21F8E00D22AF8 /* CCSingleton.h */,
			);
			name = Tools;
			sourceTree = "<group>";
		};
		4B4AE3A71FD14153003BBB16 /* Category */ = {
			isa = PBXGroup;
			children = (
			);
			name = Category;
			sourceTree = "<group>";
		};
		4B4AE3A81FD1416E003BBB16 /* Category */ = {
			isa = PBXGroup;
			children = (
			);
			name = Category;
			sourceTree = "<group>";
		};
		4B4AE3A91FD14193003BBB16 /* Notification */ = {
			isa = PBXGroup;
			children = (
			);
			name = Notification;
			sourceTree = "<group>";
		};
		4B4AE3AA1FD144CE003BBB16 /* URLScheme */ = {
			isa = PBXGroup;
			children = (
			);
			name = URLScheme;
			sourceTree = "<group>";
		};
		4B4AE3AB1FD1451E003BBB16 /* Today */ = {
			isa = PBXGroup;
			children = (
			);
			name = Today;
			sourceTree = "<group>";
		};
		4B4AE3AC1FD14529003BBB16 /* Today Extension */ = {
			isa = PBXGroup;
			children = (
			);
			name = "Today Extension";
			sourceTree = "<group>";
		};
		4B4AE3AD1FD14592003BBB16 /* 3D Touch */ = {
			isa = PBXGroup;
			children = (
			);
			name = "3D Touch";
			sourceTree = "<group>";
		};
		4B55DE3E1FD7D9A200677AE1 /* LazyTable(懒加载图片) */ = {
			isa = PBXGroup;
			children = (
				4B55DE421FD7DA1200677AE1 /* LazyTable.md */,
				4B55DE3F1FD7D9FC00677AE1 /* DCLazyTableViewController.h */,
				4B55DE401FD7D9FC00677AE1 /* DCLazyTableViewController.m */,
				4B55DE431FD7DA9800677AE1 /* ParseOperation.h */,
				4B55DE441FD7DA9800677AE1 /* ParseOperation.m */,
				4B55DE461FD7DAB400677AE1 /* AppRecord.h */,
				4B55DE471FD7DAB400677AE1 /* AppRecord.m */,
				4B55DE491FD7DACB00677AE1 /* IconDownloader.h */,
				4B55DE4A1FD7DACB00677AE1 /* IconDownloader.m */,
			);
			name = "LazyTable(懒加载图片)";
			sourceTree = "<group>";
		};
		4B58EBEB1FD2551B008D6759 /* WebView */ = {
			isa = PBXGroup;
			children = (
				4B58EBF41FD25AB9008D6759 /* DCWebListViewController.h */,
				4B58EBF51FD25AB9008D6759 /* DCWebListViewController.m */,
				4B58EBED1FD25552008D6759 /* WKWebView */,
				4B58EBEC1FD25536008D6759 /* UIWebView */,
			);
			name = WebView;
			sourceTree = "<group>";
		};
		4B58EBEC1FD25536008D6759 /* UIWebView */ = {
			isa = PBXGroup;
			children = (
			);
			name = UIWebView;
			sourceTree = "<group>";
		};
		4B58EBED1FD25552008D6759 /* WKWebView */ = {
			isa = PBXGroup;
			children = (
				4B58EBF71FD25B86008D6759 /* DCWKWebViewController.h */,
				4B58EBF81FD25B86008D6759 /* DCWKWebViewController.m */,
			);
			name = WKWebView;
			sourceTree = "<group>";
		};
		4B650BBD1FC589F1007A6699 /* MainCocoaNav */ = {
			isa = PBXGroup;
			children = (
				4B58EBEE1FD25947008D6759 /* DCCocoaNavController.h */,
				4B58EBEF1FD25947008D6759 /* DCCocoaNavController.m */,
			);
			name = MainCocoaNav;
			sourceTree = "<group>";
		};
		4B650BBE1FC589FE007A6699 /* MainCocoaVC */ = {
			isa = PBXGroup;
			children = (
				4B58EBF11FD2595B008D6759 /* DCCocoaViewController.h */,
				4B58EBF21FD2595B008D6759 /* DCCocoaViewController.m */,
			);
			name = MainCocoaVC;
			sourceTree = "<group>";
		};
		4BB13A8ABD4119B3875F392F /* Pods */ = {
			isa = PBXGroup;
			children = (
				B7309ABDA2E8787EE926DC9F /* Pods-DemoCollection.debug.xcconfig */,
				EC311D67C4456FC5862E61A1 /* Pods-DemoCollection.release.xcconfig */,
			);
			name = Pods;
			sourceTree = "<group>";
		};
		4BC163F51FE7695B0037FB33 /* Copy */ = {
			isa = PBXGroup;
			children = (
				4BC163F61FE769D30037FB33 /* DCKnowledgeCopyTableViewController.h */,
				4BC163F71FE769D30037FB33 /* DCKnowledgeCopyTableViewController.m */,
				4BC163F81FE769D30037FB33 /* DCKnowledgeCopyTableViewController.xib */,
			);
			name = Copy;
			sourceTree = "<group>";
		};
		4BC163FE1FE7740C0037FB33 /* Super&Self */ = {
			isa = PBXGroup;
			children = (
				4BC163FF1FE7743A0037FB33 /* DCKnowledgeSuperSelfViewController.h */,
				4BC164001FE7743A0037FB33 /* DCKnowledgeSuperSelfViewController.m */,
				4BC164011FE7743A0037FB33 /* DCKnowledgeInheritViewController.xib */,
				4BC164041FE7744D0037FB33 /* Father.h */,
				4BC164051FE7744D0037FB33 /* Father.m */,
				4BC164071FE774620037FB33 /* Children.h */,
				4BC164081FE774620037FB33 /* Children.m */,
				4BC1640A1FE77B050037FB33 /* self&super.md */,
				4BC1640B1FE77CC50037FB33 /* Person.h */,
				4BC1640C1FE77CC50037FB33 /* Person.m */,
				4BC1640E1FE77EF40037FB33 /* PersonChen.h */,
				4BC1640F1FE77EF40037FB33 /* PersonChen.m */,
			);
			name = "Super&Self";
			sourceTree = "<group>";
		};
		4BC164111FE7A1270037FB33 /* Network(网络开发) */ = {
			isa = PBXGroup;
			children = (
				4BC164121FE7A2110037FB33 /* DCNetworkViewController.h */,
				4BC164131FE7A2110037FB33 /* DCNetworkViewController.m */,
				4BC164151FE7A29C0037FB33 /* DCNetworkDelegateViewController.h */,
				4BC164161FE7A29C0037FB33 /* DCNetworkDelegateViewController.m */,
				4BC164181FE7B8400037FB33 /* DCNetworkSimpleViewController.h */,
				4BC164191FE7B8400037FB33 /* DCNetworkSimpleViewController.m */,
				4BC1643B1FE8F0400037FB33 /* DCNetworkURLSessionDataViewController.h */,
				4BC1643C1FE8F0400037FB33 /* DCNetworkURLSessionDataViewController.m */,
			);
			name = "Network(网络开发)";
			sourceTree = "<group>";
		};
		4BC1641B1FE8C2580037FB33 /* Core Data */ = {
			isa = PBXGroup;
			children = (
				4BC1641C1FE8C2880037FB33 /* DCCoreDataViewController.h */,
				4BC1641D1FE8C2880037FB33 /* DCCoreDataViewController.m */,
				4BC1641F1FE8C2BD0037FB33 /* DCCoreData.xcdatamodeld */,
			);
			name = "Core Data";
			sourceTree = "<group>";
		};
		4BC164341FE8DB6A0037FB33 /* FMDB */ = {
			isa = PBXGroup;
			children = (
				4BC164351FE8DB980037FB33 /* DCMFDBManager.h */,
				4BC164361FE8DB980037FB33 /* DCMFDBManager.m */,
				4BC164381FE8E2260037FB33 /* DCFMDBQueueManager.h */,
				4BC164391FE8E2260037FB33 /* DCFMDBQueueManager.m */,
			);
			name = FMDB;
			sourceTree = "<group>";
		};
		4BC1643E1FE9240F0037FB33 /* TypeConvert(类型转换) */ = {
			isa = PBXGroup;
			children = (
				4BC1643F1FE924360037FB33 /* DCTypeConvertViewController.h */,
				4BC164401FE924360037FB33 /* DCTypeConvertViewController.m */,
			);
			name = "TypeConvert(类型转换)";
			sourceTree = "<group>";
		};
		4BC1644E1FEA5E030037FB33 /* GCD */ = {
			isa = PBXGroup;
			children = (
			);
			name = GCD;
			sourceTree = "<group>";
		};
		4BC537D01FE4FD9900654B6E /* XML */ = {
			isa = PBXGroup;
			children = (
				4B3AB7391FE3C75D00D22AF8 /* DCParseXMLViewController.h */,
				4B3AB73A1FE3C75D00D22AF8 /* DCParseXMLViewController.m */,
				4B3AB73F1FE3D74A00D22AF8 /* DCParseXMLViewController.xib */,
				4BC537D41FE4FDE600654B6E /* PersonXML.xml */,
				4BC537D61FE4FEA900654B6E /* PersonObj.h */,
				4BC537D71FE4FEA900654B6E /* PersonObj.m */,
				4BC537D91FE5011C00654B6E /* XMLUtil.h */,
				4BC537DA1FE5011C00654B6E /* XMLUtil.m */,
			);
			name = XML;
			sourceTree = "<group>";
		};
		4BC537D11FE4FDA700654B6E /* JSON */ = {
			isa = PBXGroup;
			children = (
				4B3AB7361FE3C6F200D22AF8 /* DCParseJSONViewController.h */,
				4B3AB7371FE3C6F200D22AF8 /* DCParseJSONViewController.m */,
				4B3AB73D1FE3D08900D22AF8 /* DCParseJSONViewController.xib */,
			);
			name = JSON;
			sourceTree = "<group>";
		};
		4BD4EB411FE00DF70018DC2B /* DataBase(数据库) */ = {
			isa = PBXGroup;
			children = (
				4B3AB7281FE2DF0E00D22AF8 /* DataBase.md */,
				4BD4EB421FE00F6D0018DC2B /* DCDBMainTableViewController.h */,
				4BD4EB431FE00F6D0018DC2B /* DCDBMainTableViewController.m */,
				4B3AB71F1FE2D3F000D22AF8 /* SQLite */,
				4BC1641B1FE8C2580037FB33 /* Core Data */,
				4BC164341FE8DB6A0037FB33 /* FMDB */,
			);
			name = "DataBase(数据库)";
			sourceTree = "<group>";
		};
/* End PBXGroup section */

/* Begin PBXNativeTarget section */
		4B1DE0501FA2BD4A0067B8DA /* DemoCollection */ = {
			isa = PBXNativeTarget;
			buildConfigurationList = 4B1DE0681FA2BD4A0067B8DA /* Build configuration list for PBXNativeTarget "DemoCollection" */;
			buildPhases = (
				47859A4B6F4676DED77E105B /* [CP] Check Pods Manifest.lock */,
				4B1DE04D1FA2BD4A0067B8DA /* Sources */,
				4B1DE04E1FA2BD4A0067B8DA /* Frameworks */,
				4B1DE04F1FA2BD4A0067B8DA /* Resources */,
				2AA72060266655714F7B372C /* [CP] Embed Pods Frameworks */,
				9D3CEC9FB151156C54CB14C1 /* [CP] Copy Pods Resources */,
			);
			buildRules = (
			);
			dependencies = (
			);
			name = DemoCollection;
			productName = DemoCollection;
			productReference = 4B1DE0511FA2BD4A0067B8DA /* DemoCollection.app */;
			productType = "com.apple.product-type.application";
		};
/* End PBXNativeTarget section */

/* Begin PBXProject section */
		4B1DE0491FA2BD4A0067B8DA /* Project object */ = {
			isa = PBXProject;
			attributes = {
				LastUpgradeCheck = 0830;
				ORGANIZATIONNAME = liu;
				TargetAttributes = {
					4B1DE0501FA2BD4A0067B8DA = {
						CreatedOnToolsVersion = 8.3.3;
						DevelopmentTeam = GR53Q3L929;
						ProvisioningStyle = Automatic;
					};
				};
			};
			buildConfigurationList = 4B1DE04C1FA2BD4A0067B8DA /* Build configuration list for PBXProject "DemoCollection" */;
			compatibilityVersion = "Xcode 3.2";
			developmentRegion = English;
			hasScannedForEncodings = 0;
			knownRegions = (
				en,
				Base,
			);
			mainGroup = 4B1DE0481FA2BD4A0067B8DA;
			productRefGroup = 4B1DE0521FA2BD4A0067B8DA /* Products */;
			projectDirPath = "";
			projectRoot = "";
			targets = (
				4B1DE0501FA2BD4A0067B8DA /* DemoCollection */,
			);
		};
/* End PBXProject section */

/* Begin PBXResourcesBuildPhase section */
		4B1DE04F1FA2BD4A0067B8DA /* Resources */ = {
			isa = PBXResourcesBuildPhase;
			buildActionMask = 2147483647;
			files = (
				4B1DE0641FA2BD4A0067B8DA /* LaunchScreen.storyboard in Resources */,
				4B1DE0611FA2BD4A0067B8DA /* Assets.xcassets in Resources */,
				4BC537D51FE4FDE600654B6E /* PersonXML.xml in Resources */,
				4B4AE35E1FD0E856003BBB16 /* DCKnowledgeARCMRCViewController.xib in Resources */,
				4B3AB7401FE3D74A00D22AF8 /* DCParseXMLViewController.xib in Resources */,
				4B1DE05F1FA2BD4A0067B8DA /* Main.storyboard in Resources */,
				4B3AB73E1FE3D08A00D22AF8 /* DCParseJSONViewController.xib in Resources */,
				4BC163FA1FE769D30037FB33 /* DCKnowledgeCopyTableViewController.xib in Resources */,
				4B3AB7241FE2DD1500D22AF8 /* CCStatusTableViewCell.xib in Resources */,
				4B3AB7301FE3A50A00D22AF8 /* mbtype.png in Resources */,
				4BC164031FE7743A0037FB33 /* DCKnowledgeInheritViewController.xib in Resources */,
				4B3AB72E1FE3A4B000D22AF8 /* binger.jpg in Resources */,
			);
			runOnlyForDeploymentPostprocessing = 0;
		};
/* End PBXResourcesBuildPhase section */

/* Begin PBXShellScriptBuildPhase section */
		2AA72060266655714F7B372C /* [CP] Embed Pods Frameworks */ = {
			isa = PBXShellScriptBuildPhase;
			buildActionMask = 2147483647;
			files = (
			);
			inputPaths = (
			);
			name = "[CP] Embed Pods Frameworks";
			outputPaths = (
			);
			runOnlyForDeploymentPostprocessing = 0;
			shellPath = /bin/sh;
			shellScript = "\"${SRCROOT}/Pods/Target Support Files/Pods-DemoCollection/Pods-DemoCollection-frameworks.sh\"\n";
			showEnvVarsInLog = 0;
		};
		47859A4B6F4676DED77E105B /* [CP] Check Pods Manifest.lock */ = {
			isa = PBXShellScriptBuildPhase;
			buildActionMask = 2147483647;
			files = (
			);
			inputPaths = (
				"${PODS_PODFILE_DIR_PATH}/Podfile.lock",
				"${PODS_ROOT}/Manifest.lock",
			);
			name = "[CP] Check Pods Manifest.lock";
			outputPaths = (
				"$(DERIVED_FILE_DIR)/Pods-DemoCollection-checkManifestLockResult.txt",
			);
			runOnlyForDeploymentPostprocessing = 0;
			shellPath = /bin/sh;
			shellScript = "diff \"${PODS_PODFILE_DIR_PATH}/Podfile.lock\" \"${PODS_ROOT}/Manifest.lock\" > /dev/null\nif [ $? != 0 ] ; then\n    # print error to STDERR\n    echo \"error: The sandbox is not in sync with the Podfile.lock. Run 'pod install' or update your CocoaPods installation.\" >&2\n    exit 1\nfi\n# This output is used by Xcode 'outputs' to avoid re-running this script phase.\necho \"SUCCESS\" > \"${SCRIPT_OUTPUT_FILE_0}\"\n";
			showEnvVarsInLog = 0;
		};
		9D3CEC9FB151156C54CB14C1 /* [CP] Copy Pods Resources */ = {
			isa = PBXShellScriptBuildPhase;
			buildActionMask = 2147483647;
			files = (
			);
			inputPaths = (
				"${SRCROOT}/Pods/Target Support Files/Pods-DemoCollection/Pods-DemoCollection-resources.sh",
				"${PODS_ROOT}/AMap3DMap/MAMapKit.framework/AMap.bundle",
				"${PODS_ROOT}/BaiduMapKit/BaiduMapKit/BaiduMapAPI_Map.framework/Resources/mapapi.bundle",
				"${PODS_ROOT}/MJRefresh/MJRefresh/MJRefresh.bundle",
			);
			name = "[CP] Copy Pods Resources";
			outputPaths = (
				"${TARGET_BUILD_DIR}/${UNLOCALIZED_RESOURCES_FOLDER_PATH}",
			);
			runOnlyForDeploymentPostprocessing = 0;
			shellPath = /bin/sh;
			shellScript = "\"${SRCROOT}/Pods/Target Support Files/Pods-DemoCollection/Pods-DemoCollection-resources.sh\"\n";
			showEnvVarsInLog = 0;
		};
/* End PBXShellScriptBuildPhase section */

/* Begin PBXSourcesBuildPhase section */
		4B1DE04D1FA2BD4A0067B8DA /* Sources */ = {
			isa = PBXSourcesBuildPhase;
			buildActionMask = 2147483647;
			files = (
				4BC1641E1FE8C2880037FB33 /* DCCoreDataViewController.m in Sources */,
				4BC164141FE7A2110037FB33 /* DCNetworkViewController.m in Sources */,
				4B1DE0821FA2ED020067B8DA /* DCMainLibNavController.m in Sources */,
				4B1DE0981FA303D00067B8DA /* DCMapGaodeViewController.m in Sources */,
				4B3AB7351FE3C5B400D22AF8 /* DCParseXML_JSONViewController.m in Sources */,
				4BC1643D1FE8F0400037FB33 /* DCNetworkURLSessionDataViewController.m in Sources */,
				4B58EBF01FD25947008D6759 /* DCCocoaNavController.m in Sources */,
				4B1DE0A81FA31CB90067B8DA /* DCBaseNavViewController.m in Sources */,
				4B4AE3981FD10A87003BBB16 /* DCMainCommonlyNavController.m in Sources */,
				4B1DE09E1FA31A2D0067B8DA /* DCBaseViewController.m in Sources */,
				4B1DE0A51FA31C4C0067B8DA /* DCMainServiceNavController.m in Sources */,
				4B3AB7171FE251EE00D22AF8 /* CCStatus.m in Sources */,
				4B1DE0591FA2BD4A0067B8DA /* AppDelegate.m in Sources */,
				4B55DE411FD7D9FC00677AE1 /* DCLazyTableViewController.m in Sources */,
				4BD4EB481FE0105E0018DC2B /* DCDBSQLiteViewController.m in Sources */,
				4BC1640D1FE77CC50037FB33 /* Person.m in Sources */,
				4BC1641A1FE7B8400037FB33 /* DCNetworkSimpleViewController.m in Sources */,
				4B4AE35D1FD0E856003BBB16 /* DCKnowledgeARCMRCViewController.m in Sources */,
				4BC164211FE8C2BD0037FB33 /* DCCoreData.xcdatamodeld in Sources */,
				4BC164061FE7744D0037FB33 /* Father.m in Sources */,
				4B1DE0761FA2EB8B0067B8DA /* DCMainTabBarController.m in Sources */,
				4B1DE09B1FA303DD0067B8DA /* DCMapTencentViewController.m in Sources */,
				4B55DE4B1FD7DACB00677AE1 /* IconDownloader.m in Sources */,
				4BC164091FE774620037FB33 /* Children.m in Sources */,
				4BC537DB1FE5011C00654B6E /* XMLUtil.m in Sources */,
				4B3AB7231FE2DD1500D22AF8 /* CCStatusTableViewCell.m in Sources */,
				4B3AB70E1FE247EF00D22AF8 /* DCUserDefaultsViewController.m in Sources */,
				4BC164021FE7743A0037FB33 /* DCKnowledgeSuperSelfViewController.m in Sources */,
				4BC164171FE7A29C0037FB33 /* DCNetworkDelegateViewController.m in Sources */,
				4B4AE3641FD0E879003BBB16 /* DCMRCObj.m in Sources */,
				4B3AB7141FE24A3B00D22AF8 /* CCUser.m in Sources */,
				4BC1643A1FE8E2260037FB33 /* DCFMDBQueueManager.m in Sources */,
				4B3AB7051FE21BB300D22AF8 /* CCDbManager.m in Sources */,
				4B58EBF61FD25AB9008D6759 /* DCWebListViewController.m in Sources */,
				4B3AB70B1FE2477800D22AF8 /* DCDataSaveViewController.m in Sources */,
				4B4AE3951FD10A65003BBB16 /* DCMainCommonViewController.m in Sources */,
				4B4AE3911FD10985003BBB16 /* DCKnowledgeViewController.m in Sources */,
				4BC164411FE924360037FB33 /* DCTypeConvertViewController.m in Sources */,
				4BC1644D1FEA5C950037FB33 /* DCDelegateObject.m in Sources */,
				4B1DE0911FA2F1300067B8DA /* DCMapViewController.m in Sources */,
				4B4AE3611FD0E86D003BBB16 /* DCARCObj.m in Sources */,
				4B4AE39C1FD13A09003BBB16 /* DCKnowledgeSingletonViewController.m in Sources */,
				4B3AB7381FE3C6F200D22AF8 /* DCParseJSONViewController.m in Sources */,
				4B55DE451FD7DA9800677AE1 /* ParseOperation.m in Sources */,
				4B58EBF31FD2595B008D6759 /* DCCocoaViewController.m in Sources */,
				4BC164511FEA5F9C0037FB33 /* DCSignletonManager.m in Sources */,
				4B58EBF91FD25B86008D6759 /* DCWKWebViewController.m in Sources */,
				4BC537D81FE4FEA900654B6E /* PersonObj.m in Sources */,
				4B55DE481FD7DAB400677AE1 /* AppRecord.m in Sources */,
				4B1DE0AB1FA31D640067B8DA /* DCMainServiceController.m in Sources */,
				4B1DE0561FA2BD4A0067B8DA /* main.m in Sources */,
				4B3AB73B1FE3C75D00D22AF8 /* DCParseXMLViewController.m in Sources */,
				4B4AE38E1FD1096E003BBB16 /* DCKnowledgeNavController.m in Sources */,
				4BD4EB441FE00F6D0018DC2B /* DCDBMainTableViewController.m in Sources */,
				4BC164371FE8DB990037FB33 /* DCMFDBManager.m in Sources */,
				4B3AB71A1FE25BC500D22AF8 /* CCUserService.m in Sources */,
				4BC1644A1FEA5C4E0037FB33 /* DCDelegateViewController.m in Sources */,
				4B1DE0881FA2ED410067B8DA /* DCMainLibViewController.m in Sources */,
				4BC164441FEA5B480037FB33 /* DCBlockObject.m in Sources */,
				4B3AB7111FE24A1E00D22AF8 /* CCDatabaseCreator.m in Sources */,
				4B3AB71D1FE26D8B00D22AF8 /* CCStatusService.m in Sources */,
				4BC164101FE77EF40037FB33 /* PersonChen.m in Sources */,
				4BC163F91FE769D30037FB33 /* DCKnowledgeCopyTableViewController.m in Sources */,
				4B1DE0951FA303C40067B8DA /* DCMapBaiduViewController.m in Sources */,
				4BC164471FEA5B8B0037FB33 /* DCBlockViewController.m in Sources */,
			);
			runOnlyForDeploymentPostprocessing = 0;
		};
/* End PBXSourcesBuildPhase section */

/* Begin PBXVariantGroup section */
		4B1DE05D1FA2BD4A0067B8DA /* Main.storyboard */ = {
			isa = PBXVariantGroup;
			children = (
				4B1DE05E1FA2BD4A0067B8DA /* Base */,
			);
			name = Main.storyboard;
			sourceTree = "<group>";
		};
		4B1DE0621FA2BD4A0067B8DA /* LaunchScreen.storyboard */ = {
			isa = PBXVariantGroup;
			children = (
				4B1DE0631FA2BD4A0067B8DA /* Base */,
			);
			name = LaunchScreen.storyboard;
			sourceTree = "<group>";
		};
/* End PBXVariantGroup section */

/* Begin XCBuildConfiguration section */
		4B1DE0661FA2BD4A0067B8DA /* Debug */ = {
			isa = XCBuildConfiguration;
			buildSettings = {
				ALWAYS_SEARCH_USER_PATHS = NO;
				CLANG_ANALYZER_NONNULL = YES;
				CLANG_ANALYZER_NUMBER_OBJECT_CONVERSION = YES_AGGRESSIVE;
				CLANG_CXX_LANGUAGE_STANDARD = "gnu++0x";
				CLANG_CXX_LIBRARY = "libc++";
				CLANG_ENABLE_MODULES = YES;
				CLANG_ENABLE_OBJC_ARC = YES;
				CLANG_WARN_BOOL_CONVERSION = YES;
				CLANG_WARN_CONSTANT_CONVERSION = YES;
				CLANG_WARN_DIRECT_OBJC_ISA_USAGE = YES_ERROR;
				CLANG_WARN_DOCUMENTATION_COMMENTS = YES;
				CLANG_WARN_EMPTY_BODY = YES;
				CLANG_WARN_ENUM_CONVERSION = YES;
				CLANG_WARN_INFINITE_RECURSION = YES;
				CLANG_WARN_INT_CONVERSION = YES;
				CLANG_WARN_OBJC_ROOT_CLASS = YES_ERROR;
				CLANG_WARN_SUSPICIOUS_MOVE = YES;
				CLANG_WARN_UNREACHABLE_CODE = YES;
				CLANG_WARN__DUPLICATE_METHOD_MATCH = YES;
				"CODE_SIGN_IDENTITY[sdk=iphoneos*]" = "iPhone Developer";
				COPY_PHASE_STRIP = NO;
				DEBUG_INFORMATION_FORMAT = dwarf;
				ENABLE_STRICT_OBJC_MSGSEND = YES;
				ENABLE_TESTABILITY = YES;
				GCC_C_LANGUAGE_STANDARD = gnu99;
				GCC_DYNAMIC_NO_PIC = NO;
				GCC_NO_COMMON_BLOCKS = YES;
				GCC_OPTIMIZATION_LEVEL = 0;
				GCC_PREPROCESSOR_DEFINITIONS = (
					"DEBUG=1",
					"$(inherited)",
				);
				GCC_WARN_64_TO_32_BIT_CONVERSION = YES;
				GCC_WARN_ABOUT_RETURN_TYPE = YES_ERROR;
				GCC_WARN_UNDECLARED_SELECTOR = YES;
				GCC_WARN_UNINITIALIZED_AUTOS = YES_AGGRESSIVE;
				GCC_WARN_UNUSED_FUNCTION = YES;
				GCC_WARN_UNUSED_VARIABLE = YES;
				IPHONEOS_DEPLOYMENT_TARGET = 10.3;
				MTL_ENABLE_DEBUG_INFO = YES;
				ONLY_ACTIVE_ARCH = YES;
				SDKROOT = iphoneos;
			};
			name = Debug;
		};
		4B1DE0671FA2BD4A0067B8DA /* Release */ = {
			isa = XCBuildConfiguration;
			buildSettings = {
				ALWAYS_SEARCH_USER_PATHS = NO;
				CLANG_ANALYZER_NONNULL = YES;
				CLANG_ANALYZER_NUMBER_OBJECT_CONVERSION = YES_AGGRESSIVE;
				CLANG_CXX_LANGUAGE_STANDARD = "gnu++0x";
				CLANG_CXX_LIBRARY = "libc++";
				CLANG_ENABLE_MODULES = YES;
				CLANG_ENABLE_OBJC_ARC = YES;
				CLANG_WARN_BOOL_CONVERSION = YES;
				CLANG_WARN_CONSTANT_CONVERSION = YES;
				CLANG_WARN_DIRECT_OBJC_ISA_USAGE = YES_ERROR;
				CLANG_WARN_DOCUMENTATION_COMMENTS = YES;
				CLANG_WARN_EMPTY_BODY = YES;
				CLANG_WARN_ENUM_CONVERSION = YES;
				CLANG_WARN_INFINITE_RECURSION = YES;
				CLANG_WARN_INT_CONVERSION = YES;
				CLANG_WARN_OBJC_ROOT_CLASS = YES_ERROR;
				CLANG_WARN_SUSPICIOUS_MOVE = YES;
				CLANG_WARN_UNREACHABLE_CODE = YES;
				CLANG_WARN__DUPLICATE_METHOD_MATCH = YES;
				"CODE_SIGN_IDENTITY[sdk=iphoneos*]" = "iPhone Developer";
				COPY_PHASE_STRIP = NO;
				DEBUG_INFORMATION_FORMAT = "dwarf-with-dsym";
				ENABLE_NS_ASSERTIONS = NO;
				ENABLE_STRICT_OBJC_MSGSEND = YES;
				GCC_C_LANGUAGE_STANDARD = gnu99;
				GCC_NO_COMMON_BLOCKS = YES;
				GCC_WARN_64_TO_32_BIT_CONVERSION = YES;
				GCC_WARN_ABOUT_RETURN_TYPE = YES_ERROR;
				GCC_WARN_UNDECLARED_SELECTOR = YES;
				GCC_WARN_UNINITIALIZED_AUTOS = YES_AGGRESSIVE;
				GCC_WARN_UNUSED_FUNCTION = YES;
				GCC_WARN_UNUSED_VARIABLE = YES;
				IPHONEOS_DEPLOYMENT_TARGET = 10.3;
				MTL_ENABLE_DEBUG_INFO = NO;
				SDKROOT = iphoneos;
				VALIDATE_PRODUCT = YES;
			};
			name = Release;
		};
		4B1DE0691FA2BD4A0067B8DA /* Debug */ = {
			isa = XCBuildConfiguration;
			baseConfigurationReference = B7309ABDA2E8787EE926DC9F /* Pods-DemoCollection.debug.xcconfig */;
			buildSettings = {
				ASSETCATALOG_COMPILER_APPICON_NAME = AppIcon;
				DEVELOPMENT_TEAM = GR53Q3L929;
				GCC_PRECOMPILE_PREFIX_HEADER = YES;
				GCC_PREFIX_HEADER = "$(SRCROOT)/DemoCollection/DemoCollectionPrefix.pch";
				INFOPLIST_FILE = DemoCollection/Info.plist;
				IPHONEOS_DEPLOYMENT_TARGET = 9.1;
				LD_RUNPATH_SEARCH_PATHS = "$(inherited) @executable_path/Frameworks";
				PRODUCT_BUNDLE_IDENTIFIER = com.nextcocoa.DemoCollection;
				PRODUCT_NAME = "$(TARGET_NAME)";
			};
			name = Debug;
		};
		4B1DE06A1FA2BD4A0067B8DA /* Release */ = {
			isa = XCBuildConfiguration;
			baseConfigurationReference = EC311D67C4456FC5862E61A1 /* Pods-DemoCollection.release.xcconfig */;
			buildSettings = {
				ASSETCATALOG_COMPILER_APPICON_NAME = AppIcon;
				DEVELOPMENT_TEAM = GR53Q3L929;
				GCC_PRECOMPILE_PREFIX_HEADER = YES;
				GCC_PREFIX_HEADER = "$(SRCROOT)/DemoCollection/DemoCollectionPrefix.pch";
				INFOPLIST_FILE = DemoCollection/Info.plist;
				IPHONEOS_DEPLOYMENT_TARGET = 9.1;
				LD_RUNPATH_SEARCH_PATHS = "$(inherited) @executable_path/Frameworks";
				PRODUCT_BUNDLE_IDENTIFIER = com.nextcocoa.DemoCollection;
				PRODUCT_NAME = "$(TARGET_NAME)";
			};
			name = Release;
		};
/* End XCBuildConfiguration section */

/* Begin XCConfigurationList section */
		4B1DE04C1FA2BD4A0067B8DA /* Build configuration list for PBXProject "DemoCollection" */ = {
			isa = XCConfigurationList;
			buildConfigurations = (
				4B1DE0661FA2BD4A0067B8DA /* Debug */,
				4B1DE0671FA2BD4A0067B8DA /* Release */,
			);
			defaultConfigurationIsVisible = 0;
			defaultConfigurationName = Release;
		};
		4B1DE0681FA2BD4A0067B8DA /* Build configuration list for PBXNativeTarget "DemoCollection" */ = {
			isa = XCConfigurationList;
			buildConfigurations = (
				4B1DE0691FA2BD4A0067B8DA /* Debug */,
				4B1DE06A1FA2BD4A0067B8DA /* Release */,
			);
			defaultConfigurationIsVisible = 0;
			defaultConfigurationName = Release;
		};
/* End XCConfigurationList section */

/* Begin XCVersionGroup section */
		4BC1641F1FE8C2BD0037FB33 /* DCCoreData.xcdatamodeld */ = {
			isa = XCVersionGroup;
			children = (
				4BC164201FE8C2BD0037FB33 /* DCCoreData.xcdatamodel */,
			);
			currentVersion = 4BC164201FE8C2BD0037FB33 /* DCCoreData.xcdatamodel */;
			path = DCCoreData.xcdatamodeld;
			sourceTree = "<group>";
			versionGroupType = wrapper.xcdatamodel;
		};
/* End XCVersionGroup section */
	};
	rootObject = 4B1DE0491FA2BD4A0067B8DA /* Project object */;
}
